// !$*UTF8*$!
{
	archiveVersion = 1;
	classes = {
	};
	objectVersion = 55;
	objects = {

/* Begin PBXBuildFile section */
		442E368D282331F500F2F77B /* MainBGContainer.swift in Sources */ = {isa = PBXBuildFile; fileRef = 442E368C282331F500F2F77B /* MainBGContainer.swift */; };
		442F9E042815AB7800B87229 /* ProjectSettings.swift in Sources */ = {isa = PBXBuildFile; fileRef = 442F9E032815AB7800B87229 /* ProjectSettings.swift */; };
		44522A08281EAA0B00C7ADD5 /* FocusEntity in Frameworks */ = {isa = PBXBuildFile; productRef = 44522A07281EAA0B00C7ADD5 /* FocusEntity */; };
		44522A0D281ECE5B00C7ADD5 /* MainARViewContainer.swift in Sources */ = {isa = PBXBuildFile; fileRef = 44522A0C281ECE5B00C7ADD5 /* MainARViewContainer.swift */; };
		44615A20281AF02200C9A84A /* MainUIView.swift in Sources */ = {isa = PBXBuildFile; fileRef = 44615A1F281AF02200C9A84A /* MainUIView.swift */; };
		4475222B2823E19F00A5598D /* CGImageExtension.swift in Sources */ = {isa = PBXBuildFile; fileRef = 4475222A2823E19F00A5598D /* CGImageExtension.swift */; };
		4475222D2823E49800A5598D /* FrameModel.swift in Sources */ = {isa = PBXBuildFile; fileRef = 4475222C2823E49800A5598D /* FrameModel.swift */; };
		4475223128267CE800A5598D /* MainBGContainer2.swift in Sources */ = {isa = PBXBuildFile; fileRef = 4475223028267CE800A5598D /* MainBGContainer2.swift */; };
		4491460128157E0A0088946B /* _MainUIView.swift in Sources */ = {isa = PBXBuildFile; fileRef = 4491460028157E0A0088946B /* _MainUIView.swift */; };
		44A12E362815B4C800285324 /* HeaderView.swift in Sources */ = {isa = PBXBuildFile; fileRef = 44A12E352815B4C800285324 /* HeaderView.swift */; };
		44C821D92816BABA0017AE57 /* AccessibleModel.swift in Sources */ = {isa = PBXBuildFile; fileRef = 44C821D82816BABA0017AE57 /* AccessibleModel.swift */; };
		44C821DF2816FB380017AE57 /* boxgreen.usdz in Resources */ = {isa = PBXBuildFile; fileRef = 44C821DE2816FB380017AE57 /* boxgreen.usdz */; };
		44C821E12816FB930017AE57 /* boxgreen.rcproject in Sources */ = {isa = PBXBuildFile; fileRef = 44C821E02816FB930017AE57 /* boxgreen.rcproject */; };
		44D368B8281B0FA700DC0F0E /* MainARView.swift in Sources */ = {isa = PBXBuildFile; fileRef = 44D368B7281B0FA700DC0F0E /* MainARView.swift */; };
		44E1925B281F264300172230 /* MainARView+CoachingOverlay.swift in Sources */ = {isa = PBXBuildFile; fileRef = 44E1925A281F264300172230 /* MainARView+CoachingOverlay.swift */; };
		44E1925E281F58EB00172230 /* mansion.rcproject in Sources */ = {isa = PBXBuildFile; fileRef = 44E1925D281F58EB00172230 /* mansion.rcproject */; };
		44EA95EF2800967A0032EF81 /* AppDelegate.swift in Sources */ = {isa = PBXBuildFile; fileRef = 44EA95EE2800967A0032EF81 /* AppDelegate.swift */; };
		44EA95F12800967A0032EF81 /* ContentView.swift in Sources */ = {isa = PBXBuildFile; fileRef = 44EA95F02800967A0032EF81 /* ContentView.swift */; };
		44EA95F52800967D0032EF81 /* Assets.xcassets in Resources */ = {isa = PBXBuildFile; fileRef = 44EA95F42800967D0032EF81 /* Assets.xcassets */; };
		44EA95F82800967D0032EF81 /* Preview Assets.xcassets in Resources */ = {isa = PBXBuildFile; fileRef = 44EA95F72800967D0032EF81 /* Preview Assets.xcassets */; };
		44EA96022800967D0032EF81 /* mt_test_1Tests.swift in Sources */ = {isa = PBXBuildFile; fileRef = 44EA96012800967D0032EF81 /* mt_test_1Tests.swift */; };
		44EA960C2800967D0032EF81 /* mt_test_1UITests.swift in Sources */ = {isa = PBXBuildFile; fileRef = 44EA960B2800967D0032EF81 /* mt_test_1UITests.swift */; };
		44EA960E2800967D0032EF81 /* mt_test_1UITestsLaunchTests.swift in Sources */ = {isa = PBXBuildFile; fileRef = 44EA960D2800967D0032EF81 /* mt_test_1UITestsLaunchTests.swift */; };
		44F5EA3E28034AFA00399303 /* someData.json in Resources */ = {isa = PBXBuildFile; fileRef = 44F5EA3D28034AFA00399303 /* someData.json */; };
/* End PBXBuildFile section */

/* Begin PBXContainerItemProxy section */
		44EA95FE2800967D0032EF81 /* PBXContainerItemProxy */ = {
			isa = PBXContainerItemProxy;
			containerPortal = 44EA95E32800967A0032EF81 /* Project object */;
			proxyType = 1;
			remoteGlobalIDString = 44EA95EA2800967A0032EF81;
			remoteInfo = "mt-test-1";
		};
		44EA96082800967D0032EF81 /* PBXContainerItemProxy */ = {
			isa = PBXContainerItemProxy;
			containerPortal = 44EA95E32800967A0032EF81 /* Project object */;
			proxyType = 1;
			remoteGlobalIDString = 44EA95EA2800967A0032EF81;
			remoteInfo = "mt-test-1";
		};
/* End PBXContainerItemProxy section */

/* Begin PBXFileReference section */
		442E368C282331F500F2F77B /* MainBGContainer.swift */ = {isa = PBXFileReference; lastKnownFileType = sourcecode.swift; path = MainBGContainer.swift; sourceTree = "<group>"; };
		442F9E032815AB7800B87229 /* ProjectSettings.swift */ = {isa = PBXFileReference; lastKnownFileType = sourcecode.swift; path = ProjectSettings.swift; sourceTree = "<group>"; };
		44522A0C281ECE5B00C7ADD5 /* MainARViewContainer.swift */ = {isa = PBXFileReference; lastKnownFileType = sourcecode.swift; path = MainARViewContainer.swift; sourceTree = "<group>"; };
		44615A1F281AF02200C9A84A /* MainUIView.swift */ = {isa = PBXFileReference; lastKnownFileType = sourcecode.swift; path = MainUIView.swift; sourceTree = "<group>"; };
		4475222A2823E19F00A5598D /* CGImageExtension.swift */ = {isa = PBXFileReference; lastKnownFileType = sourcecode.swift; path = CGImageExtension.swift; sourceTree = "<group>"; };
		4475222C2823E49800A5598D /* FrameModel.swift */ = {isa = PBXFileReference; lastKnownFileType = sourcecode.swift; path = FrameModel.swift; sourceTree = "<group>"; };
		4475223028267CE800A5598D /* MainBGContainer2.swift */ = {isa = PBXFileReference; lastKnownFileType = sourcecode.swift; path = MainBGContainer2.swift; sourceTree = "<group>"; };
		449145C428156F2C0088946B /* Info.plist */ = {isa = PBXFileReference; lastKnownFileType = text.plist; path = Info.plist; sourceTree = "<group>"; };
		4491460028157E0A0088946B /* _MainUIView.swift */ = {isa = PBXFileReference; lastKnownFileType = sourcecode.swift; path = _MainUIView.swift; sourceTree = "<group>"; };
		44A12E352815B4C800285324 /* HeaderView.swift */ = {isa = PBXFileReference; lastKnownFileType = sourcecode.swift; path = HeaderView.swift; sourceTree = "<group>"; };
		44C821D82816BABA0017AE57 /* AccessibleModel.swift */ = {isa = PBXFileReference; lastKnownFileType = sourcecode.swift; path = AccessibleModel.swift; sourceTree = "<group>"; };
		44C821DE2816FB380017AE57 /* boxgreen.usdz */ = {isa = PBXFileReference; lastKnownFileType = file.usdz; path = boxgreen.usdz; sourceTree = "<group>"; };
		44C821E02816FB930017AE57 /* boxgreen.rcproject */ = {isa = PBXFileReference; lastKnownFileType = file.rcproject; path = boxgreen.rcproject; sourceTree = "<group>"; };
		44D368B7281B0FA700DC0F0E /* MainARView.swift */ = {isa = PBXFileReference; lastKnownFileType = sourcecode.swift; path = MainARView.swift; sourceTree = "<group>"; };
		44E1925A281F264300172230 /* MainARView+CoachingOverlay.swift */ = {isa = PBXFileReference; lastKnownFileType = sourcecode.swift; path = "MainARView+CoachingOverlay.swift"; sourceTree = "<group>"; };
		44E1925D281F58EB00172230 /* mansion.rcproject */ = {isa = PBXFileReference; lastKnownFileType = file.rcproject; path = mansion.rcproject; sourceTree = "<group>"; };
		44EA95EB2800967A0032EF81 /* mt-test-1.app */ = {isa = PBXFileReference; explicitFileType = wrapper.application; includeInIndex = 0; path = "mt-test-1.app"; sourceTree = BUILT_PRODUCTS_DIR; };
		44EA95EE2800967A0032EF81 /* AppDelegate.swift */ = {isa = PBXFileReference; lastKnownFileType = sourcecode.swift; path = AppDelegate.swift; sourceTree = "<group>"; };
		44EA95F02800967A0032EF81 /* ContentView.swift */ = {isa = PBXFileReference; lastKnownFileType = sourcecode.swift; path = ContentView.swift; sourceTree = "<group>"; };
		44EA95F42800967D0032EF81 /* Assets.xcassets */ = {isa = PBXFileReference; lastKnownFileType = folder.assetcatalog; path = Assets.xcassets; sourceTree = "<group>"; };
		44EA95F72800967D0032EF81 /* Preview Assets.xcassets */ = {isa = PBXFileReference; lastKnownFileType = folder.assetcatalog; path = "Preview Assets.xcassets"; sourceTree = "<group>"; };
		44EA95FD2800967D0032EF81 /* mt-test-1Tests.xctest */ = {isa = PBXFileReference; explicitFileType = wrapper.cfbundle; includeInIndex = 0; path = "mt-test-1Tests.xctest"; sourceTree = BUILT_PRODUCTS_DIR; };
		44EA96012800967D0032EF81 /* mt_test_1Tests.swift */ = {isa = PBXFileReference; lastKnownFileType = sourcecode.swift; path = mt_test_1Tests.swift; sourceTree = "<group>"; };
		44EA96072800967D0032EF81 /* mt-test-1UITests.xctest */ = {isa = PBXFileReference; explicitFileType = wrapper.cfbundle; includeInIndex = 0; path = "mt-test-1UITests.xctest"; sourceTree = BUILT_PRODUCTS_DIR; };
		44EA960B2800967D0032EF81 /* mt_test_1UITests.swift */ = {isa = PBXFileReference; lastKnownFileType = sourcecode.swift; path = mt_test_1UITests.swift; sourceTree = "<group>"; };
		44EA960D2800967D0032EF81 /* mt_test_1UITestsLaunchTests.swift */ = {isa = PBXFileReference; lastKnownFileType = sourcecode.swift; path = mt_test_1UITestsLaunchTests.swift; sourceTree = "<group>"; };
		44F5EA3D28034AFA00399303 /* someData.json */ = {isa = PBXFileReference; fileEncoding = 4; lastKnownFileType = text.json; path = someData.json; sourceTree = "<group>"; };
/* End PBXFileReference section */

/* Begin PBXFrameworksBuildPhase section */
		44EA95E82800967A0032EF81 /* Frameworks */ = {
			isa = PBXFrameworksBuildPhase;
			buildActionMask = 2147483647;
			files = (
				44522A08281EAA0B00C7ADD5 /* FocusEntity in Frameworks */,
			);
			runOnlyForDeploymentPostprocessing = 0;
		};
		44EA95FA2800967D0032EF81 /* Frameworks */ = {
			isa = PBXFrameworksBuildPhase;
			buildActionMask = 2147483647;
			files = (
			);
			runOnlyForDeploymentPostprocessing = 0;
		};
		44EA96042800967D0032EF81 /* Frameworks */ = {
			isa = PBXFrameworksBuildPhase;
			buildActionMask = 2147483647;
			files = (
			);
			runOnlyForDeploymentPostprocessing = 0;
		};
/* End PBXFrameworksBuildPhase section */

/* Begin PBXGroup section */
		442E368B282331B300F2F77B /* BG */ = {
			isa = PBXGroup;
			children = (
				442E368C282331F500F2F77B /* MainBGContainer.swift */,
				4475223028267CE800A5598D /* MainBGContainer2.swift */,
			);
			path = BG;
			sourceTree = "<group>";
		};
		44522A09281ECDB100C7ADD5 /* AR */ = {
			isa = PBXGroup;
			children = (
				44D368B7281B0FA700DC0F0E /* MainARView.swift */,
				44E1925A281F264300172230 /* MainARView+CoachingOverlay.swift */,
				44522A0C281ECE5B00C7ADD5 /* MainARViewContainer.swift */,
			);
			path = AR;
			sourceTree = "<group>";
		};
		44522A10281ED04300C7ADD5 /* Components */ = {
			isa = PBXGroup;
			children = (
				44A12E352815B4C800285324 /* HeaderView.swift */,
			);
			path = Components;
			sourceTree = "<group>";
		};
		447522292823E18E00A5598D /* Extensions */ = {
			isa = PBXGroup;
			children = (
				4475222A2823E19F00A5598D /* CGImageExtension.swift */,
			);
			path = Extensions;
			sourceTree = "<group>";
		};
		44EA95E22800967A0032EF81 = {
			isa = PBXGroup;
			children = (
				44EA95ED2800967A0032EF81 /* mt-test-1 */,
				44EA96002800967D0032EF81 /* mt-test-1Tests */,
				44EA960A2800967D0032EF81 /* mt-test-1UITests */,
				44EA95EC2800967A0032EF81 /* Products */,
			);
			sourceTree = "<group>";
		};
		44EA95EC2800967A0032EF81 /* Products */ = {
			isa = PBXGroup;
			children = (
				44EA95EB2800967A0032EF81 /* mt-test-1.app */,
				44EA95FD2800967D0032EF81 /* mt-test-1Tests.xctest */,
				44EA96072800967D0032EF81 /* mt-test-1UITests.xctest */,
			);
			name = Products;
			sourceTree = "<group>";
		};
		44EA95ED2800967A0032EF81 /* mt-test-1 */ = {
			isa = PBXGroup;
			children = (
				449145C428156F2C0088946B /* Info.plist */,
				44F5EA432803514E00399303 /* Model */,
				44F5EA412803511B00399303 /* Ressources */,
				447522292823E18E00A5598D /* Extensions */,
				442E368B282331B300F2F77B /* BG */,
				44522A09281ECDB100C7ADD5 /* AR */,
				44F5EA422803512F00399303 /* UI */,
				44EA95F02800967A0032EF81 /* ContentView.swift */,
				44EA95EE2800967A0032EF81 /* AppDelegate.swift */,
				442F9E032815AB7800B87229 /* ProjectSettings.swift */,
				44E1925D281F58EB00172230 /* mansion.rcproject */,
				44C821E02816FB930017AE57 /* boxgreen.rcproject */,
				44C821DE2816FB380017AE57 /* boxgreen.usdz */,
				44EA95F42800967D0032EF81 /* Assets.xcassets */,
				44EA95F62800967D0032EF81 /* Preview Content */,
			);
			path = "mt-test-1";
			sourceTree = "<group>";
		};
		44EA95F62800967D0032EF81 /* Preview Content */ = {
			isa = PBXGroup;
			children = (
				44EA95F72800967D0032EF81 /* Preview Assets.xcassets */,
			);
			path = "Preview Content";
			sourceTree = "<group>";
		};
		44EA96002800967D0032EF81 /* mt-test-1Tests */ = {
			isa = PBXGroup;
			children = (
				44EA96012800967D0032EF81 /* mt_test_1Tests.swift */,
			);
			path = "mt-test-1Tests";
			sourceTree = "<group>";
		};
		44EA960A2800967D0032EF81 /* mt-test-1UITests */ = {
			isa = PBXGroup;
			children = (
				44EA960B2800967D0032EF81 /* mt_test_1UITests.swift */,
				44EA960D2800967D0032EF81 /* mt_test_1UITestsLaunchTests.swift */,
			);
			path = "mt-test-1UITests";
			sourceTree = "<group>";
		};
		44F5EA412803511B00399303 /* Ressources */ = {
			isa = PBXGroup;
			children = (
				44F5EA3D28034AFA00399303 /* someData.json */,
			);
			path = Ressources;
			sourceTree = "<group>";
		};
		44F5EA422803512F00399303 /* UI */ = {
			isa = PBXGroup;
			children = (
				44522A10281ED04300C7ADD5 /* Components */,
				44615A1F281AF02200C9A84A /* MainUIView.swift */,
				4491460028157E0A0088946B /* _MainUIView.swift */,
			);
			path = UI;
			sourceTree = "<group>";
		};
		44F5EA432803514E00399303 /* Model */ = {
			isa = PBXGroup;
			children = (
				44C821D82816BABA0017AE57 /* AccessibleModel.swift */,
				4475222C2823E49800A5598D /* FrameModel.swift */,
			);
			path = Model;
			sourceTree = "<group>";
		};
/* End PBXGroup section */

/* Begin PBXNativeTarget section */
		44EA95EA2800967A0032EF81 /* mt-test-1 */ = {
			isa = PBXNativeTarget;
			buildConfigurationList = 44EA96112800967D0032EF81 /* Build configuration list for PBXNativeTarget "mt-test-1" */;
			buildPhases = (
				44EA95E72800967A0032EF81 /* Sources */,
				44EA95E82800967A0032EF81 /* Frameworks */,
				44EA95E92800967A0032EF81 /* Resources */,
			);
			buildRules = (
			);
			dependencies = (
			);
			name = "mt-test-1";
			packageProductDependencies = (
				44522A07281EAA0B00C7ADD5 /* FocusEntity */,
			);
			productName = "mt-test-1";
			productReference = 44EA95EB2800967A0032EF81 /* mt-test-1.app */;
			productType = "com.apple.product-type.application";
		};
		44EA95FC2800967D0032EF81 /* mt-test-1Tests */ = {
			isa = PBXNativeTarget;
			buildConfigurationList = 44EA96142800967D0032EF81 /* Build configuration list for PBXNativeTarget "mt-test-1Tests" */;
			buildPhases = (
				44EA95F92800967D0032EF81 /* Sources */,
				44EA95FA2800967D0032EF81 /* Frameworks */,
				44EA95FB2800967D0032EF81 /* Resources */,
			);
			buildRules = (
			);
			dependencies = (
				44EA95FF2800967D0032EF81 /* PBXTargetDependency */,
			);
			name = "mt-test-1Tests";
			productName = "mt-test-1Tests";
			productReference = 44EA95FD2800967D0032EF81 /* mt-test-1Tests.xctest */;
			productType = "com.apple.product-type.bundle.unit-test";
		};
		44EA96062800967D0032EF81 /* mt-test-1UITests */ = {
			isa = PBXNativeTarget;
			buildConfigurationList = 44EA96172800967D0032EF81 /* Build configuration list for PBXNativeTarget "mt-test-1UITests" */;
			buildPhases = (
				44EA96032800967D0032EF81 /* Sources */,
				44EA96042800967D0032EF81 /* Frameworks */,
				44EA96052800967D0032EF81 /* Resources */,
			);
			buildRules = (
			);
			dependencies = (
				44EA96092800967D0032EF81 /* PBXTargetDependency */,
			);
			name = "mt-test-1UITests";
			productName = "mt-test-1UITests";
			productReference = 44EA96072800967D0032EF81 /* mt-test-1UITests.xctest */;
			productType = "com.apple.product-type.bundle.ui-testing";
		};
/* End PBXNativeTarget section */

/* Begin PBXProject section */
		44EA95E32800967A0032EF81 /* Project object */ = {
			isa = PBXProject;
			attributes = {
				BuildIndependentTargetsInParallel = 1;
				LastSwiftUpdateCheck = 1330;
				LastUpgradeCheck = 1330;
				TargetAttributes = {
					44EA95EA2800967A0032EF81 = {
						CreatedOnToolsVersion = 13.3;
					};
					44EA95FC2800967D0032EF81 = {
						CreatedOnToolsVersion = 13.3;
						TestTargetID = 44EA95EA2800967A0032EF81;
					};
					44EA96062800967D0032EF81 = {
						CreatedOnToolsVersion = 13.3;
						TestTargetID = 44EA95EA2800967A0032EF81;
					};
				};
			};
			buildConfigurationList = 44EA95E62800967A0032EF81 /* Build configuration list for PBXProject "mt-test-1" */;
			compatibilityVersion = "Xcode 13.0";
			developmentRegion = en;
			hasScannedForEncodings = 0;
			knownRegions = (
				en,
				Base,
			);
			mainGroup = 44EA95E22800967A0032EF81;
			packageReferences = (
				44522A06281EAA0B00C7ADD5 /* XCRemoteSwiftPackageReference "FocusEntity" */,
			);
			productRefGroup = 44EA95EC2800967A0032EF81 /* Products */;
			projectDirPath = "";
			projectRoot = "";
			targets = (
				44EA95EA2800967A0032EF81 /* mt-test-1 */,
				44EA95FC2800967D0032EF81 /* mt-test-1Tests */,
				44EA96062800967D0032EF81 /* mt-test-1UITests */,
			);
		};
/* End PBXProject section */

/* Begin PBXResourcesBuildPhase section */
		44EA95E92800967A0032EF81 /* Resources */ = {
			isa = PBXResourcesBuildPhase;
			buildActionMask = 2147483647;
			files = (
				44EA95F82800967D0032EF81 /* Preview Assets.xcassets in Resources */,
				44C821DF2816FB380017AE57 /* boxgreen.usdz in Resources */,
				44F5EA3E28034AFA00399303 /* someData.json in Resources */,
				44EA95F52800967D0032EF81 /* Assets.xcassets in Resources */,
			);
			runOnlyForDeploymentPostprocessing = 0;
		};
		44EA95FB2800967D0032EF81 /* Resources */ = {
			isa = PBXResourcesBuildPhase;
			buildActionMask = 2147483647;
			files = (
			);
			runOnlyForDeploymentPostprocessing = 0;
		};
		44EA96052800967D0032EF81 /* Resources */ = {
			isa = PBXResourcesBuildPhase;
			buildActionMask = 2147483647;
			files = (
			);
			runOnlyForDeploymentPostprocessing = 0;
		};
/* End PBXResourcesBuildPhase section */

/* Begin PBXSourcesBuildPhase section */
		44EA95E72800967A0032EF81 /* Sources */ = {
			isa = PBXSourcesBuildPhase;
			buildActionMask = 2147483647;
			files = (
				44522A0D281ECE5B00C7ADD5 /* MainARViewContainer.swift in Sources */,
				44EA95F12800967A0032EF81 /* ContentView.swift in Sources */,
				44EA95EF2800967A0032EF81 /* AppDelegate.swift in Sources */,
				4475222D2823E49800A5598D /* FrameModel.swift in Sources */,
				4475223128267CE800A5598D /* MainBGContainer2.swift in Sources */,
				442F9E042815AB7800B87229 /* ProjectSettings.swift in Sources */,
				4475222B2823E19F00A5598D /* CGImageExtension.swift in Sources */,
				44615A20281AF02200C9A84A /* MainUIView.swift in Sources */,
				44E1925B281F264300172230 /* MainARView+CoachingOverlay.swift in Sources */,
				44D368B8281B0FA700DC0F0E /* MainARView.swift in Sources */,
				44C821E12816FB930017AE57 /* boxgreen.rcproject in Sources */,
				44E1925E281F58EB00172230 /* mansion.rcproject in Sources */,
				442E368D282331F500F2F77B /* MainBGContainer.swift in Sources */,
				4491460128157E0A0088946B /* _MainUIView.swift in Sources */,
				44A12E362815B4C800285324 /* HeaderView.swift in Sources */,
				44C821D92816BABA0017AE57 /* AccessibleModel.swift in Sources */,
			);
			runOnlyForDeploymentPostprocessing = 0;
		};
		44EA95F92800967D0032EF81 /* Sources */ = {
			isa = PBXSourcesBuildPhase;
			buildActionMask = 2147483647;
			files = (
				44EA96022800967D0032EF81 /* mt_test_1Tests.swift in Sources */,
			);
			runOnlyForDeploymentPostprocessing = 0;
		};
		44EA96032800967D0032EF81 /* Sources */ = {
			isa = PBXSourcesBuildPhase;
			buildActionMask = 2147483647;
			files = (
				44EA960C2800967D0032EF81 /* mt_test_1UITests.swift in Sources */,
				44EA960E2800967D0032EF81 /* mt_test_1UITestsLaunchTests.swift in Sources */,
			);
			runOnlyForDeploymentPostprocessing = 0;
		};
/* End PBXSourcesBuildPhase section */

/* Begin PBXTargetDependency section */
		44EA95FF2800967D0032EF81 /* PBXTargetDependency */ = {
			isa = PBXTargetDependency;
			target = 44EA95EA2800967A0032EF81 /* mt-test-1 */;
			targetProxy = 44EA95FE2800967D0032EF81 /* PBXContainerItemProxy */;
		};
		44EA96092800967D0032EF81 /* PBXTargetDependency */ = {
			isa = PBXTargetDependency;
			target = 44EA95EA2800967A0032EF81 /* mt-test-1 */;
			targetProxy = 44EA96082800967D0032EF81 /* PBXContainerItemProxy */;
		};
/* End PBXTargetDependency section */

/* Begin XCBuildConfiguration section */
		44EA960F2800967D0032EF81 /* Debug */ = {
			isa = XCBuildConfiguration;
			buildSettings = {
				ALWAYS_SEARCH_USER_PATHS = NO;
				CLANG_ANALYZER_NONNULL = YES;
				CLANG_ANALYZER_NUMBER_OBJECT_CONVERSION = YES_AGGRESSIVE;
				CLANG_CXX_LANGUAGE_STANDARD = "gnu++17";
				CLANG_ENABLE_MODULES = YES;
				CLANG_ENABLE_OBJC_ARC = YES;
				CLANG_ENABLE_OBJC_WEAK = YES;
				CLANG_WARN_BLOCK_CAPTURE_AUTORELEASING = YES;
				CLANG_WARN_BOOL_CONVERSION = YES;
				CLANG_WARN_COMMA = YES;
				CLANG_WARN_CONSTANT_CONVERSION = YES;
				CLANG_WARN_DEPRECATED_OBJC_IMPLEMENTATIONS = YES;
				CLANG_WARN_DIRECT_OBJC_ISA_USAGE = YES_ERROR;
				CLANG_WARN_DOCUMENTATION_COMMENTS = YES;
				CLANG_WARN_EMPTY_BODY = YES;
				CLANG_WARN_ENUM_CONVERSION = YES;
				CLANG_WARN_INFINITE_RECURSION = YES;
				CLANG_WARN_INT_CONVERSION = YES;
				CLANG_WARN_NON_LITERAL_NULL_CONVERSION = YES;
				CLANG_WARN_OBJC_IMPLICIT_RETAIN_SELF = YES;
				CLANG_WARN_OBJC_LITERAL_CONVERSION = YES;
				CLANG_WARN_OBJC_ROOT_CLASS = YES_ERROR;
				CLANG_WARN_QUOTED_INCLUDE_IN_FRAMEWORK_HEADER = YES;
				CLANG_WARN_RANGE_LOOP_ANALYSIS = YES;
				CLANG_WARN_STRICT_PROTOTYPES = YES;
				CLANG_WARN_SUSPICIOUS_MOVE = YES;
				CLANG_WARN_UNGUARDED_AVAILABILITY = YES_AGGRESSIVE;
				CLANG_WARN_UNREACHABLE_CODE = YES;
				CLANG_WARN__DUPLICATE_METHOD_MATCH = YES;
				COPY_PHASE_STRIP = NO;
				DEBUG_INFORMATION_FORMAT = dwarf;
				ENABLE_STRICT_OBJC_MSGSEND = YES;
				ENABLE_TESTABILITY = YES;
				GCC_C_LANGUAGE_STANDARD = gnu11;
				GCC_DYNAMIC_NO_PIC = NO;
				GCC_NO_COMMON_BLOCKS = YES;
				GCC_OPTIMIZATION_LEVEL = 0;
				GCC_PREPROCESSOR_DEFINITIONS = (
					"DEBUG=1",
					"$(inherited)",
				);
				GCC_WARN_64_TO_32_BIT_CONVERSION = YES;
				GCC_WARN_ABOUT_RETURN_TYPE = YES_ERROR;
				GCC_WARN_UNDECLARED_SELECTOR = YES;
				GCC_WARN_UNINITIALIZED_AUTOS = YES_AGGRESSIVE;
				GCC_WARN_UNUSED_FUNCTION = YES;
				GCC_WARN_UNUSED_VARIABLE = YES;
				IPHONEOS_DEPLOYMENT_TARGET = 15.4;
				MTL_ENABLE_DEBUG_INFO = INCLUDE_SOURCE;
				MTL_FAST_MATH = YES;
				ONLY_ACTIVE_ARCH = YES;
				SDKROOT = iphoneos;
				SWIFT_ACTIVE_COMPILATION_CONDITIONS = DEBUG;
				SWIFT_OPTIMIZATION_LEVEL = "-Onone";
			};
			name = Debug;
		};
		44EA96102800967D0032EF81 /* Release */ = {
			isa = XCBuildConfiguration;
			buildSettings = {
				ALWAYS_SEARCH_USER_PATHS = NO;
				CLANG_ANALYZER_NONNULL = YES;
				CLANG_ANALYZER_NUMBER_OBJECT_CONVERSION = YES_AGGRESSIVE;
				CLANG_CXX_LANGUAGE_STANDARD = "gnu++17";
				CLANG_ENABLE_MODULES = YES;
				CLANG_ENABLE_OBJC_ARC = YES;
				CLANG_ENABLE_OBJC_WEAK = YES;
				CLANG_WARN_BLOCK_CAPTURE_AUTORELEASING = YES;
				CLANG_WARN_BOOL_CONVERSION = YES;
				CLANG_WARN_COMMA = YES;
				CLANG_WARN_CONSTANT_CONVERSION = YES;
				CLANG_WARN_DEPRECATED_OBJC_IMPLEMENTATIONS = YES;
				CLANG_WARN_DIRECT_OBJC_ISA_USAGE = YES_ERROR;
				CLANG_WARN_DOCUMENTATION_COMMENTS = YES;
				CLANG_WARN_EMPTY_BODY = YES;
				CLANG_WARN_ENUM_CONVERSION = YES;
				CLANG_WARN_INFINITE_RECURSION = YES;
				CLANG_WARN_INT_CONVERSION = YES;
				CLANG_WARN_NON_LITERAL_NULL_CONVERSION = YES;
				CLANG_WARN_OBJC_IMPLICIT_RETAIN_SELF = YES;
				CLANG_WARN_OBJC_LITERAL_CONVERSION = YES;
				CLANG_WARN_OBJC_ROOT_CLASS = YES_ERROR;
				CLANG_WARN_QUOTED_INCLUDE_IN_FRAMEWORK_HEADER = YES;
				CLANG_WARN_RANGE_LOOP_ANALYSIS = YES;
				CLANG_WARN_STRICT_PROTOTYPES = YES;
				CLANG_WARN_SUSPICIOUS_MOVE = YES;
				CLANG_WARN_UNGUARDED_AVAILABILITY = YES_AGGRESSIVE;
				CLANG_WARN_UNREACHABLE_CODE = YES;
				CLANG_WARN__DUPLICATE_METHOD_MATCH = YES;
				COPY_PHASE_STRIP = NO;
				DEBUG_INFORMATION_FORMAT = "dwarf-with-dsym";
				ENABLE_NS_ASSERTIONS = NO;
				ENABLE_STRICT_OBJC_MSGSEND = YES;
				GCC_C_LANGUAGE_STANDARD = gnu11;
				GCC_NO_COMMON_BLOCKS = YES;
				GCC_WARN_64_TO_32_BIT_CONVERSION = YES;
				GCC_WARN_ABOUT_RETURN_TYPE = YES_ERROR;
				GCC_WARN_UNDECLARED_SELECTOR = YES;
				GCC_WARN_UNINITIALIZED_AUTOS = YES_AGGRESSIVE;
				GCC_WARN_UNUSED_FUNCTION = YES;
				GCC_WARN_UNUSED_VARIABLE = YES;
				IPHONEOS_DEPLOYMENT_TARGET = 15.4;
				MTL_ENABLE_DEBUG_INFO = NO;
				MTL_FAST_MATH = YES;
				SDKROOT = iphoneos;
				SWIFT_COMPILATION_MODE = wholemodule;
				SWIFT_OPTIMIZATION_LEVEL = "-O";
				VALIDATE_PRODUCT = YES;
			};
			name = Release;
		};
		44EA96122800967D0032EF81 /* Debug */ = {
			isa = XCBuildConfiguration;
			buildSettings = {
				ASSETCATALOG_COMPILER_APPICON_NAME = AppIcon;
				ASSETCATALOG_COMPILER_GLOBAL_ACCENT_COLOR_NAME = AccentColor;
				CODE_SIGN_STYLE = Automatic;
				CURRENT_PROJECT_VERSION = 1;
				DEVELOPMENT_ASSET_PATHS = "\"mt-test-1/Preview Content\"";
				DEVELOPMENT_TEAM = GG8XX5Q4P5;
				ENABLE_PREVIEWS = YES;
				GENERATE_INFOPLIST_FILE = YES;
				INFOPLIST_FILE = "mt-test-1/Info.plist";
				INFOPLIST_KEY_NSCameraUsageDescription = "Augmented Reality";
				INFOPLIST_KEY_UIApplicationSupportsIndirectInputEvents = YES;
				INFOPLIST_KEY_UILaunchScreen_Generation = YES;
				INFOPLIST_KEY_UIRequiredDeviceCapabilities = arkit;
				INFOPLIST_KEY_UIStatusBarHidden = YES;
				INFOPLIST_KEY_UISupportedInterfaceOrientations_iPad = "UIInterfaceOrientationPortrait UIInterfaceOrientationPortraitUpsideDown UIInterfaceOrientationLandscapeLeft UIInterfaceOrientationLandscapeRight";
				INFOPLIST_KEY_UISupportedInterfaceOrientations_iPhone = "UIInterfaceOrientationPortrait UIInterfaceOrientationLandscapeLeft UIInterfaceOrientationLandscapeRight";
				LD_RUNPATH_SEARCH_PATHS = (
					"$(inherited)",
					"@executable_path/Frameworks",
				);
				MARKETING_VERSION = 1.0;
				PRODUCT_BUNDLE_IDENTIFIER = "de.kevinbein.tum.mt-test-1";
				PRODUCT_NAME = "$(TARGET_NAME)";
				SWIFT_EMIT_LOC_STRINGS = YES;
				SWIFT_VERSION = 5.0;
				TARGETED_DEVICE_FAMILY = "1,2";
			};
			name = Debug;
		};
		44EA96132800967D0032EF81 /* Release */ = {
			isa = XCBuildConfiguration;
			buildSettings = {
				ASSETCATALOG_COMPILER_APPICON_NAME = AppIcon;
				ASSETCATALOG_COMPILER_GLOBAL_ACCENT_COLOR_NAME = AccentColor;
				CODE_SIGN_STYLE = Automatic;
				CURRENT_PROJECT_VERSION = 1;
				DEVELOPMENT_ASSET_PATHS = "\"mt-test-1/Preview Content\"";
				DEVELOPMENT_TEAM = GG8XX5Q4P5;
				ENABLE_PREVIEWS = YES;
				GENERATE_INFOPLIST_FILE = YES;
				INFOPLIST_FILE = "mt-test-1/Info.plist";
				INFOPLIST_KEY_NSCameraUsageDescription = "Augmented Reality";
				INFOPLIST_KEY_UIApplicationSupportsIndirectInputEvents = YES;
				INFOPLIST_KEY_UILaunchScreen_Generation = YES;
				INFOPLIST_KEY_UIRequiredDeviceCapabilities = arkit;
				INFOPLIST_KEY_UIStatusBarHidden = YES;
				INFOPLIST_KEY_UISupportedInterfaceOrientations_iPad = "UIInterfaceOrientationPortrait UIInterfaceOrientationPortraitUpsideDown UIInterfaceOrientationLandscapeLeft UIInterfaceOrientationLandscapeRight";
				INFOPLIST_KEY_UISupportedInterfaceOrientations_iPhone = "UIInterfaceOrientationPortrait UIInterfaceOrientationLandscapeLeft UIInterfaceOrientationLandscapeRight";
				LD_RUNPATH_SEARCH_PATHS = (
					"$(inherited)",
					"@executable_path/Frameworks",
				);
				MARKETING_VERSION = 1.0;
				PRODUCT_BUNDLE_IDENTIFIER = "de.kevinbein.tum.mt-test-1";
				PRODUCT_NAME = "$(TARGET_NAME)";
				SWIFT_EMIT_LOC_STRINGS = YES;
				SWIFT_VERSION = 5.0;
				TARGETED_DEVICE_FAMILY = "1,2";
			};
			name = Release;
		};
		44EA96152800967D0032EF81 /* Debug */ = {
			isa = XCBuildConfiguration;
			buildSettings = {
				ALWAYS_EMBED_SWIFT_STANDARD_LIBRARIES = YES;
				BUNDLE_LOADER = "$(TEST_HOST)";
				CODE_SIGN_STYLE = Automatic;
				CURRENT_PROJECT_VERSION = 1;
				DEVELOPMENT_TEAM = GG8XX5Q4P5;
				GENERATE_INFOPLIST_FILE = YES;
				IPHONEOS_DEPLOYMENT_TARGET = 15.4;
				MARKETING_VERSION = 1.0;
				PRODUCT_BUNDLE_IDENTIFIER = "de.kevinbein.tum.mt-test-1Tests";
				PRODUCT_NAME = "$(TARGET_NAME)";
				SWIFT_EMIT_LOC_STRINGS = NO;
				SWIFT_VERSION = 5.0;
				TARGETED_DEVICE_FAMILY = "1,2";
				TEST_HOST = "$(BUILT_PRODUCTS_DIR)/mt-test-1.app/mt-test-1";
			};
			name = Debug;
		};
		44EA96162800967D0032EF81 /* Release */ = {
			isa = XCBuildConfiguration;
			buildSettings = {
				ALWAYS_EMBED_SWIFT_STANDARD_LIBRARIES = YES;
				BUNDLE_LOADER = "$(TEST_HOST)";
				CODE_SIGN_STYLE = Automatic;
				CURRENT_PROJECT_VERSION = 1;
				DEVELOPMENT_TEAM = GG8XX5Q4P5;
				GENERATE_INFOPLIST_FILE = YES;
				IPHONEOS_DEPLOYMENT_TARGET = 15.4;
				MARKETING_VERSION = 1.0;
				PRODUCT_BUNDLE_IDENTIFIER = "de.kevinbein.tum.mt-test-1Tests";
				PRODUCT_NAME = "$(TARGET_NAME)";
				SWIFT_EMIT_LOC_STRINGS = NO;
				SWIFT_VERSION = 5.0;
				TARGETED_DEVICE_FAMILY = "1,2";
				TEST_HOST = "$(BUILT_PRODUCTS_DIR)/mt-test-1.app/mt-test-1";
			};
			name = Release;
		};
		44EA96182800967D0032EF81 /* Debug */ = {
			isa = XCBuildConfiguration;
			buildSettings = {
				ALWAYS_EMBED_SWIFT_STANDARD_LIBRARIES = YES;
				CODE_SIGN_STYLE = Automatic;
				CURRENT_PROJECT_VERSION = 1;
				DEVELOPMENT_TEAM = GG8XX5Q4P5;
				GENERATE_INFOPLIST_FILE = YES;
				MARKETING_VERSION = 1.0;
				PRODUCT_BUNDLE_IDENTIFIER = "de.kevinbein.tum.mt-test-1UITests";
				PRODUCT_NAME = "$(TARGET_NAME)";
				SWIFT_EMIT_LOC_STRINGS = NO;
				SWIFT_VERSION = 5.0;
				TARGETED_DEVICE_FAMILY = "1,2";
				TEST_TARGET_NAME = "mt-test-1";
			};
			name = Debug;
		};
		44EA96192800967D0032EF81 /* Release */ = {
			isa = XCBuildConfiguration;
			buildSettings = {
				ALWAYS_EMBED_SWIFT_STANDARD_LIBRARIES = YES;
				CODE_SIGN_STYLE = Automatic;
				CURRENT_PROJECT_VERSION = 1;
				DEVELOPMENT_TEAM = GG8XX5Q4P5;
				GENERATE_INFOPLIST_FILE = YES;
				MARKETING_VERSION = 1.0;
				PRODUCT_BUNDLE_IDENTIFIER = "de.kevinbein.tum.mt-test-1UITests";
				PRODUCT_NAME = "$(TARGET_NAME)";
				SWIFT_EMIT_LOC_STRINGS = NO;
				SWIFT_VERSION = 5.0;
				TARGETED_DEVICE_FAMILY = "1,2";
				TEST_TARGET_NAME = "mt-test-1";
			};
			name = Release;
		};
/* End XCBuildConfiguration section */

/* Begin XCConfigurationList section */
		44EA95E62800967A0032EF81 /* Build configuration list for PBXProject "mt-test-1" */ = {
			isa = XCConfigurationList;
			buildConfigurations = (
				44EA960F2800967D0032EF81 /* Debug */,
				44EA96102800967D0032EF81 /* Release */,
			);
			defaultConfigurationIsVisible = 0;
			defaultConfigurationName = Release;
		};
		44EA96112800967D0032EF81 /* Build configuration list for PBXNativeTarget "mt-test-1" */ = {
			isa = XCConfigurationList;
			buildConfigurations = (
				44EA96122800967D0032EF81 /* Debug */,
				44EA96132800967D0032EF81 /* Release */,
			);
			defaultConfigurationIsVisible = 0;
			defaultConfigurationName = Release;
		};
		44EA96142800967D0032EF81 /* Build configuration list for PBXNativeTarget "mt-test-1Tests" */ = {
			isa = XCConfigurationList;
			buildConfigurations = (
				44EA96152800967D0032EF81 /* Debug */,
				44EA96162800967D0032EF81 /* Release */,
			);
			defaultConfigurationIsVisible = 0;
			defaultConfigurationName = Release;
		};
		44EA96172800967D0032EF81 /* Build configuration list for PBXNativeTarget "mt-test-1UITests" */ = {
			isa = XCConfigurationList;
			buildConfigurations = (
				44EA96182800967D0032EF81 /* Debug */,
				44EA96192800967D0032EF81 /* Release */,
			);
			defaultConfigurationIsVisible = 0;
			defaultConfigurationName = Release;
		};
/* End XCConfigurationList section */

/* Begin XCRemoteSwiftPackageReference section */
		44522A06281EAA0B00C7ADD5 /* XCRemoteSwiftPackageReference "FocusEntity" */ = {
			isa = XCRemoteSwiftPackageReference;
			repositoryURL = "https://github.com/maxxfrazer/FocusEntity";
			requirement = {
				kind = upToNextMajorVersion;
				minimumVersion = 2.0.0;
			};
		};
/* End XCRemoteSwiftPackageReference section */

/* Begin XCSwiftPackageProductDependency section */
		44522A07281EAA0B00C7ADD5 /* FocusEntity */ = {
			isa = XCSwiftPackageProductDependency;
			package = 44522A06281EAA0B00C7ADD5 /* XCRemoteSwiftPackageReference "FocusEntity" */;
			productName = FocusEntity;
		};
/* End XCSwiftPackageProductDependency section */
	};
	rootObject = 44EA95E32800967A0032EF81 /* Project object */;
}
