// !$*UTF8*$!
{
	archiveVersion = 1;
	classes = {
	};
	objectVersion = 55;
	objects = {

/* Begin PBXBuildFile section */
		44206BDA289008B5007F7463 /* BloomMPS.swift in Sources */ = {isa = PBXBuildFile; fileRef = 44206BD9289008B5007F7463 /* BloomMPS.swift */; };
		4422B08228F3006D00D5C732 /* noise.png in Resources */ = {isa = PBXBuildFile; fileRef = 4422B08128F3006D00D5C732 /* noise.png */; };
		4422B08428FADDDD00D5C732 /* daltonizationStep1_kernel.metal in Sources */ = {isa = PBXBuildFile; fileRef = 4422B08328FADDDD00D5C732 /* daltonizationStep1_kernel.metal */; };
		442E368D282331F500F2F77B /* MainBGContainer.swift in Sources */ = {isa = PBXBuildFile; fileRef = 442E368C282331F500F2F77B /* MainBGContainer.swift */; };
		442F9E042815AB7800B87229 /* ProjectSettings.swift in Sources */ = {isa = PBXBuildFile; fileRef = 442F9E032815AB7800B87229 /* ProjectSettings.swift */; };
		4451194728804291001C4822 /* kokuraCastle.usdz in Resources */ = {isa = PBXBuildFile; fileRef = 4451194628804291001C4822 /* kokuraCastle.usdz */; };
		4451194928830354001C4822 /* inverseColor_kernel.metal in Sources */ = {isa = PBXBuildFile; fileRef = 4451194828830354001C4822 /* inverseColor_kernel.metal */; };
		4451194F28831F92001C4822 /* GaussianBlurMPS.swift in Sources */ = {isa = PBXBuildFile; fileRef = 4451194E28831F92001C4822 /* GaussianBlurMPS.swift */; };
		4451195328833A76001C4822 /* ObjectMPS.swift in Sources */ = {isa = PBXBuildFile; fileRef = 4451195228833A76001C4822 /* ObjectMPS.swift */; };
		44511956288430A2001C4822 /* MainFGContainer.swift in Sources */ = {isa = PBXBuildFile; fileRef = 44511955288430A2001C4822 /* MainFGContainer.swift */; };
		4451195828843DC3001C4822 /* floatersTest_kernel.metal in Sources */ = {isa = PBXBuildFile; fileRef = 4451195728843DC3001C4822 /* floatersTest_kernel.metal */; };
		4451195A288AAD5E001C4822 /* floatersDots_kernel.metal in Sources */ = {isa = PBXBuildFile; fileRef = 44511959288AAD5E001C4822 /* floatersDots_kernel.metal */; };
		44522A08281EAA0B00C7ADD5 /* FocusEntity in Frameworks */ = {isa = PBXBuildFile; productRef = 44522A07281EAA0B00C7ADD5 /* FocusEntity */; };
		44522A0D281ECE5B00C7ADD5 /* MainARViewContainer.swift in Sources */ = {isa = PBXBuildFile; fileRef = 44522A0C281ECE5B00C7ADD5 /* MainARViewContainer.swift */; };
		44615A20281AF02200C9A84A /* MainUIView.swift in Sources */ = {isa = PBXBuildFile; fileRef = 44615A1F281AF02200C9A84A /* MainUIView.swift */; };
		447323A829042B8A007AF202 /* LaplacianMPS.swift in Sources */ = {isa = PBXBuildFile; fileRef = 447323A729042B8A007AF202 /* LaplacianMPS.swift */; };
		447323AA29046667007AF202 /* CannyMPS.swift in Sources */ = {isa = PBXBuildFile; fileRef = 447323A929046667007AF202 /* CannyMPS.swift */; };
		447323AD2916A807007AF202 /* crosshair_kernel.metal in Sources */ = {isa = PBXBuildFile; fileRef = 447323AC2916A807007AF202 /* crosshair_kernel.metal */; };
		447323B029170AB5007AF202 /* depth_kernel.metal in Sources */ = {isa = PBXBuildFile; fileRef = 447323AF29170AB5007AF202 /* depth_kernel.metal */; };
		447323B2291715F5007AF202 /* gammaCorrection_kernel.metal in Sources */ = {isa = PBXBuildFile; fileRef = 447323B1291715F5007AF202 /* gammaCorrection_kernel.metal */; };
		447323B429172F41007AF202 /* CVPixelBuffer+texture.swift in Sources */ = {isa = PBXBuildFile; fileRef = 447323B329172F41007AF202 /* CVPixelBuffer+texture.swift */; };
		447323B6291867F4007AF202 /* backgroundBlur_kernel.metal in Sources */ = {isa = PBXBuildFile; fileRef = 447323B5291867F4007AF202 /* backgroundBlur_kernel.metal */; };
		447323B829280AB0007AF202 /* convolution3x3_kernel.metal in Sources */ = {isa = PBXBuildFile; fileRef = 447323B729280AB0007AF202 /* convolution3x3_kernel.metal */; };
		447323BE2928176D007AF202 /* EvaluationGameUI.swift in Sources */ = {isa = PBXBuildFile; fileRef = 447323BD2928176D007AF202 /* EvaluationGameUI.swift */; };
		4475222B2823E19F00A5598D /* CGImageExtension.swift in Sources */ = {isa = PBXBuildFile; fileRef = 4475222A2823E19F00A5598D /* CGImageExtension.swift */; };
		4475222D2823E49800A5598D /* FrameModel.swift in Sources */ = {isa = PBXBuildFile; fileRef = 4475222C2823E49800A5598D /* FrameModel.swift */; };
		4475323928C794EC00923BC7 /* MTLTexture+writeToSavedPhotosAlbum.swift in Sources */ = {isa = PBXBuildFile; fileRef = 4475323828C794EC00923BC7 /* MTLTexture+writeToSavedPhotosAlbum.swift */; };
		4486C40328AA55A80040A654 /* macularDegeneration_kernel.metal in Sources */ = {isa = PBXBuildFile; fileRef = 4486C40228AA55A80040A654 /* macularDegeneration_kernel.metal */; };
		4486C40828AA66260040A654 /* glaucoma_kernel.metal in Sources */ = {isa = PBXBuildFile; fileRef = 4486C40728AA66260040A654 /* glaucoma_kernel.metal */; };
		44935FFB28FAEC740027F4AE /* daltonizationStep2_kernel.metal in Sources */ = {isa = PBXBuildFile; fileRef = 44935FFA28FAEC740027F4AE /* daltonizationStep2_kernel.metal */; };
		44935FFD28FAF0670027F4AE /* daltonizationStep25_kernel.metal in Sources */ = {isa = PBXBuildFile; fileRef = 44935FFC28FAF0670027F4AE /* daltonizationStep25_kernel.metal */; };
		44935FFF28FAF16F0027F4AE /* daltonizationStep3_kernel.metal in Sources */ = {isa = PBXBuildFile; fileRef = 44935FFE28FAF16F0027F4AE /* daltonizationStep3_kernel.metal */; };
		4493600128FAF17D0027F4AE /* daltonizationStep4_kernel.metal in Sources */ = {isa = PBXBuildFile; fileRef = 4493600028FAF17D0027F4AE /* daltonizationStep4_kernel.metal */; };
		4493600328FAF1860027F4AE /* daltonizationStep5_kernel.metal in Sources */ = {isa = PBXBuildFile; fileRef = 4493600228FAF1860027F4AE /* daltonizationStep5_kernel.metal */; };
		4493600528FAFB0E0027F4AE /* daltonizationStep6_kernel.metal in Sources */ = {isa = PBXBuildFile; fileRef = 4493600428FAFB0E0027F4AE /* daltonizationStep6_kernel.metal */; };
		44971B2228428974007C8279 /* bowlingpin.rcproject in Sources */ = {isa = PBXBuildFile; fileRef = 44971B2128428974007C8279 /* bowlingpin.rcproject */; };
		44971B242843A275007C8279 /* pipe.rcproject in Sources */ = {isa = PBXBuildFile; fileRef = 44971B232843A275007C8279 /* pipe.rcproject */; };
		44981EA12861D15300D34D10 /* braunbaer.usdz in Resources */ = {isa = PBXBuildFile; fileRef = 44981EA02861D15300D34D10 /* braunbaer.usdz */; };
		44981EA32861D44200D34D10 /* braunbaer.rcproject in Sources */ = {isa = PBXBuildFile; fileRef = 44981EA22861D44200D34D10 /* braunbaer.rcproject */; };
		44A12E362815B4C800285324 /* HeaderView.swift in Sources */ = {isa = PBXBuildFile; fileRef = 44A12E352815B4C800285324 /* HeaderView.swift */; };
		44A47DFD284E356900D00FFF /* turm.rcproject in Sources */ = {isa = PBXBuildFile; fileRef = 44A47DFC284E356900D00FFF /* turm.rcproject */; };
		44AE9A5328EC55F600AA6D9B /* SobelMPS.swift in Sources */ = {isa = PBXBuildFile; fileRef = 44AE9A5228EC55F600AA6D9B /* SobelMPS.swift */; };
		44AE9A5528ECA40700AA6D9B /* daltonizationStep0_kernel.metal in Sources */ = {isa = PBXBuildFile; fileRef = 44AE9A5428ECA40700AA6D9B /* daltonizationStep0_kernel.metal */; };
		44BA122028FDFEF70032D68F /* newYorkDowntown.rcproject in Sources */ = {isa = PBXBuildFile; fileRef = 44BA121F28FDFEF70032D68F /* newYorkDowntown.rcproject */; };
		44BA122228FED6FF0032D68F /* loft.rcproject in Sources */ = {isa = PBXBuildFile; fileRef = 44BA122128FED6FF0032D68F /* loft.rcproject */; };
		44BA122428FEE4350032D68F /* hsbc_kernel.metal in Sources */ = {isa = PBXBuildFile; fileRef = 44BA122328FEE4350032D68F /* hsbc_kernel.metal */; };
		44BA122728FEE4B70032D68F /* color.metal in Sources */ = {isa = PBXBuildFile; fileRef = 44BA122628FEE4B70032D68F /* color.metal */; };
		44BA1234290004D70032D68F /* calibrationImage.jpg in Resources */ = {isa = PBXBuildFile; fileRef = 44BA1233290004D70032D68F /* calibrationImage.jpg */; };
		44BA12362900B22E0032D68F /* View+onLoad.swift in Sources */ = {isa = PBXBuildFile; fileRef = 44BA12352900B22E0032D68F /* View+onLoad.swift */; };
		44BA1238290160E40032D68F /* combineModelAndBackground.metal in Sources */ = {isa = PBXBuildFile; fileRef = 44BA1237290160E40032D68F /* combineModelAndBackground.metal */; };
		44BA123B2901D7280032D68F /* capturedImageColorspaceConverter_kernel.metal in Sources */ = {isa = PBXBuildFile; fileRef = 44BA123A2901D7280032D68F /* capturedImageColorspaceConverter_kernel.metal */; };
		44BD609628B3AFE80058413C /* colorVisionDeficiency_kernel.metal in Sources */ = {isa = PBXBuildFile; fileRef = 44BD609528B3AFE80058413C /* colorVisionDeficiency_kernel.metal */; };
		44BD609A28B4F49B0058413C /* wuschel1.usdz in Resources */ = {isa = PBXBuildFile; fileRef = 44BD609928B4F49B0058413C /* wuschel1.usdz */; };
		44BD609E28C603420058413C /* ninetydegreebracket.rcproject in Sources */ = {isa = PBXBuildFile; fileRef = 44BD609D28C603420058413C /* ninetydegreebracket.rcproject */; };
		44BD60A228C603B40058413C /* dcWhiteHouse.rcproject in Sources */ = {isa = PBXBuildFile; fileRef = 44BD60A128C603B40058413C /* dcWhiteHouse.rcproject */; };
		44BD60AE28C617970058413C /* realisticEuropanTree.rcproject in Sources */ = {isa = PBXBuildFile; fileRef = 44BD60AD28C617970058413C /* realisticEuropanTree.rcproject */; };
		44BD60B028C6184F0058413C /* cinemaChair.rcproject in Sources */ = {isa = PBXBuildFile; fileRef = 44BD60AF28C6184F0058413C /* cinemaChair.rcproject */; };
		44BD60B228C6194F0058413C /* decorativeLightPole.rcproject in Sources */ = {isa = PBXBuildFile; fileRef = 44BD60B128C6194F0058413C /* decorativeLightPole.rcproject */; };
		44BD60B428C619BA0058413C /* bathroomInterior.rcproject in Sources */ = {isa = PBXBuildFile; fileRef = 44BD60B328C619BA0058413C /* bathroomInterior.rcproject */; };
		44BD60B628C61A000058413C /* scaffold.rcproject in Sources */ = {isa = PBXBuildFile; fileRef = 44BD60B528C61A000058413C /* scaffold.rcproject */; };
		44C821D92816BABA0017AE57 /* AccessibleModel.swift in Sources */ = {isa = PBXBuildFile; fileRef = 44C821D82816BABA0017AE57 /* AccessibleModel.swift */; };
		44C821DF2816FB380017AE57 /* boxgreen.usdz in Resources */ = {isa = PBXBuildFile; fileRef = 44C821DE2816FB380017AE57 /* boxgreen.usdz */; };
		44C821E12816FB930017AE57 /* boxgreen.rcproject in Sources */ = {isa = PBXBuildFile; fileRef = 44C821E02816FB930017AE57 /* boxgreen.rcproject */; };
		44D368B8281B0FA700DC0F0E /* MainARView.swift in Sources */ = {isa = PBXBuildFile; fileRef = 44D368B7281B0FA700DC0F0E /* MainARView.swift */; };
		44DC88C5290428D000BB8553 /* edgeEnhancement.metal in Sources */ = {isa = PBXBuildFile; fileRef = 44DC88C4290428D000BB8553 /* edgeEnhancement.metal */; };
		44E1925B281F264300172230 /* MainARView+CoachingOverlay.swift in Sources */ = {isa = PBXBuildFile; fileRef = 44E1925A281F264300172230 /* MainARView+CoachingOverlay.swift */; };
		44E1925E281F58EB00172230 /* mansion.rcproject in Sources */ = {isa = PBXBuildFile; fileRef = 44E1925D281F58EB00172230 /* mansion.rcproject */; };
		44EA95EF2800967A0032EF81 /* AppDelegate.swift in Sources */ = {isa = PBXBuildFile; fileRef = 44EA95EE2800967A0032EF81 /* AppDelegate.swift */; };
		44EA95F12800967A0032EF81 /* ContentView.swift in Sources */ = {isa = PBXBuildFile; fileRef = 44EA95F02800967A0032EF81 /* ContentView.swift */; };
		44EA95F52800967D0032EF81 /* Assets.xcassets in Resources */ = {isa = PBXBuildFile; fileRef = 44EA95F42800967D0032EF81 /* Assets.xcassets */; };
		44EA95F82800967D0032EF81 /* Preview Assets.xcassets in Resources */ = {isa = PBXBuildFile; fileRef = 44EA95F72800967D0032EF81 /* Preview Assets.xcassets */; };
		44EA96022800967D0032EF81 /* mt_test_1Tests.swift in Sources */ = {isa = PBXBuildFile; fileRef = 44EA96012800967D0032EF81 /* mt_test_1Tests.swift */; };
		44EA960C2800967D0032EF81 /* mt_test_1UITests.swift in Sources */ = {isa = PBXBuildFile; fileRef = 44EA960B2800967D0032EF81 /* mt_test_1UITests.swift */; };
		44EA960E2800967D0032EF81 /* mt_test_1UITestsLaunchTests.swift in Sources */ = {isa = PBXBuildFile; fileRef = 44EA960D2800967D0032EF81 /* mt_test_1UITestsLaunchTests.swift */; };
/* End PBXBuildFile section */

/* Begin PBXContainerItemProxy section */
		44EA95FE2800967D0032EF81 /* PBXContainerItemProxy */ = {
			isa = PBXContainerItemProxy;
			containerPortal = 44EA95E32800967A0032EF81 /* Project object */;
			proxyType = 1;
			remoteGlobalIDString = 44EA95EA2800967A0032EF81;
			remoteInfo = "mt-test-1";
		};
		44EA96082800967D0032EF81 /* PBXContainerItemProxy */ = {
			isa = PBXContainerItemProxy;
			containerPortal = 44EA95E32800967A0032EF81 /* Project object */;
			proxyType = 1;
			remoteGlobalIDString = 44EA95EA2800967A0032EF81;
			remoteInfo = "mt-test-1";
		};
/* End PBXContainerItemProxy section */

/* Begin PBXFileReference section */
		44206BD9289008B5007F7463 /* BloomMPS.swift */ = {isa = PBXFileReference; lastKnownFileType = sourcecode.swift; path = BloomMPS.swift; sourceTree = "<group>"; };
		4422B08128F3006D00D5C732 /* noise.png */ = {isa = PBXFileReference; lastKnownFileType = image.png; path = noise.png; sourceTree = "<group>"; };
		4422B08328FADDDD00D5C732 /* daltonizationStep1_kernel.metal */ = {isa = PBXFileReference; lastKnownFileType = sourcecode.metal; path = daltonizationStep1_kernel.metal; sourceTree = "<group>"; };
		442E368C282331F500F2F77B /* MainBGContainer.swift */ = {isa = PBXFileReference; lastKnownFileType = sourcecode.swift; path = MainBGContainer.swift; sourceTree = "<group>"; };
		442F9E032815AB7800B87229 /* ProjectSettings.swift */ = {isa = PBXFileReference; lastKnownFileType = sourcecode.swift; path = ProjectSettings.swift; sourceTree = "<group>"; };
		4451194628804291001C4822 /* kokuraCastle.usdz */ = {isa = PBXFileReference; lastKnownFileType = file.usdz; path = kokuraCastle.usdz; sourceTree = "<group>"; };
		4451194828830354001C4822 /* inverseColor_kernel.metal */ = {isa = PBXFileReference; lastKnownFileType = sourcecode.metal; path = inverseColor_kernel.metal; sourceTree = "<group>"; };
		4451194E28831F92001C4822 /* GaussianBlurMPS.swift */ = {isa = PBXFileReference; lastKnownFileType = sourcecode.swift; path = GaussianBlurMPS.swift; sourceTree = "<group>"; };
		4451195228833A76001C4822 /* ObjectMPS.swift */ = {isa = PBXFileReference; lastKnownFileType = sourcecode.swift; path = ObjectMPS.swift; sourceTree = "<group>"; };
		44511955288430A2001C4822 /* MainFGContainer.swift */ = {isa = PBXFileReference; lastKnownFileType = sourcecode.swift; path = MainFGContainer.swift; sourceTree = "<group>"; };
		4451195728843DC3001C4822 /* floatersTest_kernel.metal */ = {isa = PBXFileReference; lastKnownFileType = sourcecode.metal; path = floatersTest_kernel.metal; sourceTree = "<group>"; };
		44511959288AAD5E001C4822 /* floatersDots_kernel.metal */ = {isa = PBXFileReference; lastKnownFileType = sourcecode.metal; path = floatersDots_kernel.metal; sourceTree = "<group>"; };
		44522A0C281ECE5B00C7ADD5 /* MainARViewContainer.swift */ = {isa = PBXFileReference; lastKnownFileType = sourcecode.swift; path = MainARViewContainer.swift; sourceTree = "<group>"; };
		44615A1F281AF02200C9A84A /* MainUIView.swift */ = {isa = PBXFileReference; lastKnownFileType = sourcecode.swift; path = MainUIView.swift; sourceTree = "<group>"; };
		447323A729042B8A007AF202 /* LaplacianMPS.swift */ = {isa = PBXFileReference; lastKnownFileType = sourcecode.swift; path = LaplacianMPS.swift; sourceTree = "<group>"; };
		447323A929046667007AF202 /* CannyMPS.swift */ = {isa = PBXFileReference; lastKnownFileType = sourcecode.swift; path = CannyMPS.swift; sourceTree = "<group>"; };
		447323AC2916A807007AF202 /* crosshair_kernel.metal */ = {isa = PBXFileReference; lastKnownFileType = sourcecode.metal; path = crosshair_kernel.metal; sourceTree = "<group>"; };
		447323AF29170AB5007AF202 /* depth_kernel.metal */ = {isa = PBXFileReference; lastKnownFileType = sourcecode.metal; path = depth_kernel.metal; sourceTree = "<group>"; };
		447323B1291715F5007AF202 /* gammaCorrection_kernel.metal */ = {isa = PBXFileReference; lastKnownFileType = sourcecode.metal; path = gammaCorrection_kernel.metal; sourceTree = "<group>"; };
		447323B329172F41007AF202 /* CVPixelBuffer+texture.swift */ = {isa = PBXFileReference; lastKnownFileType = sourcecode.swift; path = "CVPixelBuffer+texture.swift"; sourceTree = "<group>"; };
		447323B5291867F4007AF202 /* backgroundBlur_kernel.metal */ = {isa = PBXFileReference; lastKnownFileType = sourcecode.metal; path = backgroundBlur_kernel.metal; sourceTree = "<group>"; };
		447323B729280AB0007AF202 /* convolution3x3_kernel.metal */ = {isa = PBXFileReference; lastKnownFileType = sourcecode.metal; path = convolution3x3_kernel.metal; sourceTree = "<group>"; };
		447323BD2928176D007AF202 /* EvaluationGameUI.swift */ = {isa = PBXFileReference; lastKnownFileType = sourcecode.swift; path = EvaluationGameUI.swift; sourceTree = "<group>"; };
		4475222A2823E19F00A5598D /* CGImageExtension.swift */ = {isa = PBXFileReference; lastKnownFileType = sourcecode.swift; path = CGImageExtension.swift; sourceTree = "<group>"; };
		4475222C2823E49800A5598D /* FrameModel.swift */ = {isa = PBXFileReference; lastKnownFileType = sourcecode.swift; path = FrameModel.swift; sourceTree = "<group>"; };
		4475323828C794EC00923BC7 /* MTLTexture+writeToSavedPhotosAlbum.swift */ = {isa = PBXFileReference; lastKnownFileType = sourcecode.swift; path = "MTLTexture+writeToSavedPhotosAlbum.swift"; sourceTree = "<group>"; };
		4486C40228AA55A80040A654 /* macularDegeneration_kernel.metal */ = {isa = PBXFileReference; lastKnownFileType = sourcecode.metal; path = macularDegeneration_kernel.metal; sourceTree = "<group>"; };
		4486C40628AA62D20040A654 /* README.md */ = {isa = PBXFileReference; lastKnownFileType = net.daringfireball.markdown; path = README.md; sourceTree = "<group>"; };
		4486C40728AA66260040A654 /* glaucoma_kernel.metal */ = {isa = PBXFileReference; lastKnownFileType = sourcecode.metal; path = glaucoma_kernel.metal; sourceTree = "<group>"; };
		449145C428156F2C0088946B /* Info.plist */ = {isa = PBXFileReference; lastKnownFileType = text.plist; path = Info.plist; sourceTree = "<group>"; };
		44935FFA28FAEC740027F4AE /* daltonizationStep2_kernel.metal */ = {isa = PBXFileReference; lastKnownFileType = sourcecode.metal; path = daltonizationStep2_kernel.metal; sourceTree = "<group>"; };
		44935FFC28FAF0670027F4AE /* daltonizationStep25_kernel.metal */ = {isa = PBXFileReference; lastKnownFileType = sourcecode.metal; path = daltonizationStep25_kernel.metal; sourceTree = "<group>"; };
		44935FFE28FAF16F0027F4AE /* daltonizationStep3_kernel.metal */ = {isa = PBXFileReference; lastKnownFileType = sourcecode.metal; path = daltonizationStep3_kernel.metal; sourceTree = "<group>"; };
		4493600028FAF17D0027F4AE /* daltonizationStep4_kernel.metal */ = {isa = PBXFileReference; lastKnownFileType = sourcecode.metal; path = daltonizationStep4_kernel.metal; sourceTree = "<group>"; };
		4493600228FAF1860027F4AE /* daltonizationStep5_kernel.metal */ = {isa = PBXFileReference; lastKnownFileType = sourcecode.metal; path = daltonizationStep5_kernel.metal; sourceTree = "<group>"; };
		4493600428FAFB0E0027F4AE /* daltonizationStep6_kernel.metal */ = {isa = PBXFileReference; lastKnownFileType = sourcecode.metal; path = daltonizationStep6_kernel.metal; sourceTree = "<group>"; };
		44971B2128428974007C8279 /* bowlingpin.rcproject */ = {isa = PBXFileReference; lastKnownFileType = file.rcproject; path = bowlingpin.rcproject; sourceTree = "<group>"; };
		44971B232843A275007C8279 /* pipe.rcproject */ = {isa = PBXFileReference; lastKnownFileType = file.rcproject; path = pipe.rcproject; sourceTree = "<group>"; };
		44981EA02861D15300D34D10 /* braunbaer.usdz */ = {isa = PBXFileReference; lastKnownFileType = file.usdz; path = braunbaer.usdz; sourceTree = "<group>"; };
		44981EA22861D44200D34D10 /* braunbaer.rcproject */ = {isa = PBXFileReference; lastKnownFileType = file.rcproject; path = braunbaer.rcproject; sourceTree = "<group>"; };
		44A12E352815B4C800285324 /* HeaderView.swift */ = {isa = PBXFileReference; lastKnownFileType = sourcecode.swift; path = HeaderView.swift; sourceTree = "<group>"; };
		44A47DFC284E356900D00FFF /* turm.rcproject */ = {isa = PBXFileReference; lastKnownFileType = file.rcproject; path = turm.rcproject; sourceTree = "<group>"; };
		44AE9A5228EC55F600AA6D9B /* SobelMPS.swift */ = {isa = PBXFileReference; lastKnownFileType = sourcecode.swift; path = SobelMPS.swift; sourceTree = "<group>"; };
		44AE9A5428ECA40700AA6D9B /* daltonizationStep0_kernel.metal */ = {isa = PBXFileReference; lastKnownFileType = sourcecode.metal; path = daltonizationStep0_kernel.metal; sourceTree = "<group>"; };
		44BA121F28FDFEF70032D68F /* newYorkDowntown.rcproject */ = {isa = PBXFileReference; lastKnownFileType = file.rcproject; path = newYorkDowntown.rcproject; sourceTree = "<group>"; };
		44BA122128FED6FF0032D68F /* loft.rcproject */ = {isa = PBXFileReference; lastKnownFileType = file.rcproject; path = loft.rcproject; sourceTree = "<group>"; };
		44BA122328FEE4350032D68F /* hsbc_kernel.metal */ = {isa = PBXFileReference; lastKnownFileType = sourcecode.metal; path = hsbc_kernel.metal; sourceTree = "<group>"; };
		44BA122628FEE4B70032D68F /* color.metal */ = {isa = PBXFileReference; lastKnownFileType = sourcecode.metal; path = color.metal; sourceTree = "<group>"; };
		44BA122828FEE4F50032D68F /* color.h */ = {isa = PBXFileReference; lastKnownFileType = sourcecode.c.h; path = color.h; sourceTree = "<group>"; };
		44BA122928FEE5990032D68F /* types.h */ = {isa = PBXFileReference; lastKnownFileType = sourcecode.c.h; path = types.h; sourceTree = "<group>"; };
		44BA1233290004D70032D68F /* calibrationImage.jpg */ = {isa = PBXFileReference; lastKnownFileType = image.jpeg; path = calibrationImage.jpg; sourceTree = "<group>"; };
		44BA12352900B22E0032D68F /* View+onLoad.swift */ = {isa = PBXFileReference; lastKnownFileType = sourcecode.swift; path = "View+onLoad.swift"; sourceTree = "<group>"; };
		44BA1237290160E40032D68F /* combineModelAndBackground.metal */ = {isa = PBXFileReference; lastKnownFileType = sourcecode.metal; path = combineModelAndBackground.metal; sourceTree = "<group>"; };
		44BA123A2901D7280032D68F /* capturedImageColorspaceConverter_kernel.metal */ = {isa = PBXFileReference; lastKnownFileType = sourcecode.metal; path = capturedImageColorspaceConverter_kernel.metal; sourceTree = "<group>"; };
		44BD609528B3AFE80058413C /* colorVisionDeficiency_kernel.metal */ = {isa = PBXFileReference; lastKnownFileType = sourcecode.metal; path = colorVisionDeficiency_kernel.metal; sourceTree = "<group>"; };
		44BD609928B4F49B0058413C /* wuschel1.usdz */ = {isa = PBXFileReference; lastKnownFileType = file.usdz; path = wuschel1.usdz; sourceTree = "<group>"; };
		44BD609D28C603420058413C /* ninetydegreebracket.rcproject */ = {isa = PBXFileReference; lastKnownFileType = file.rcproject; path = ninetydegreebracket.rcproject; sourceTree = "<group>"; };
		44BD60A128C603B40058413C /* dcWhiteHouse.rcproject */ = {isa = PBXFileReference; lastKnownFileType = file.rcproject; path = dcWhiteHouse.rcproject; sourceTree = "<group>"; };
		44BD60AD28C617970058413C /* realisticEuropanTree.rcproject */ = {isa = PBXFileReference; lastKnownFileType = file.rcproject; path = realisticEuropanTree.rcproject; sourceTree = "<group>"; };
		44BD60AF28C6184F0058413C /* cinemaChair.rcproject */ = {isa = PBXFileReference; lastKnownFileType = file.rcproject; path = cinemaChair.rcproject; sourceTree = "<group>"; };
		44BD60B128C6194F0058413C /* decorativeLightPole.rcproject */ = {isa = PBXFileReference; lastKnownFileType = file.rcproject; path = decorativeLightPole.rcproject; sourceTree = "<group>"; };
		44BD60B328C619BA0058413C /* bathroomInterior.rcproject */ = {isa = PBXFileReference; lastKnownFileType = file.rcproject; path = bathroomInterior.rcproject; sourceTree = "<group>"; };
		44BD60B528C61A000058413C /* scaffold.rcproject */ = {isa = PBXFileReference; lastKnownFileType = file.rcproject; path = scaffold.rcproject; sourceTree = "<group>"; };
		44BD60B828C66C3A0058413C /* braunbaerVertical.rcproject */ = {isa = PBXFileReference; lastKnownFileType = file.rcproject; path = braunbaerVertical.rcproject; sourceTree = "<group>"; };
		44C821D82816BABA0017AE57 /* AccessibleModel.swift */ = {isa = PBXFileReference; lastKnownFileType = sourcecode.swift; path = AccessibleModel.swift; sourceTree = "<group>"; };
		44C821DE2816FB380017AE57 /* boxgreen.usdz */ = {isa = PBXFileReference; lastKnownFileType = file.usdz; path = boxgreen.usdz; sourceTree = "<group>"; };
		44C821E02816FB930017AE57 /* boxgreen.rcproject */ = {isa = PBXFileReference; lastKnownFileType = file.rcproject; path = boxgreen.rcproject; sourceTree = "<group>"; };
		44D368B7281B0FA700DC0F0E /* MainARView.swift */ = {isa = PBXFileReference; lastKnownFileType = sourcecode.swift; path = MainARView.swift; sourceTree = "<group>"; };
		44DC88C4290428D000BB8553 /* edgeEnhancement.metal */ = {isa = PBXFileReference; lastKnownFileType = sourcecode.metal; path = edgeEnhancement.metal; sourceTree = "<group>"; };
		44E1925A281F264300172230 /* MainARView+CoachingOverlay.swift */ = {isa = PBXFileReference; lastKnownFileType = sourcecode.swift; path = "MainARView+CoachingOverlay.swift"; sourceTree = "<group>"; };
		44E1925D281F58EB00172230 /* mansion.rcproject */ = {isa = PBXFileReference; lastKnownFileType = file.rcproject; path = mansion.rcproject; sourceTree = "<group>"; };
		44EA95EB2800967A0032EF81 /* mt-test-1.app */ = {isa = PBXFileReference; explicitFileType = wrapper.application; includeInIndex = 0; path = "mt-test-1.app"; sourceTree = BUILT_PRODUCTS_DIR; };
		44EA95EE2800967A0032EF81 /* AppDelegate.swift */ = {isa = PBXFileReference; lastKnownFileType = sourcecode.swift; path = AppDelegate.swift; sourceTree = "<group>"; };
		44EA95F02800967A0032EF81 /* ContentView.swift */ = {isa = PBXFileReference; lastKnownFileType = sourcecode.swift; path = ContentView.swift; sourceTree = "<group>"; };
		44EA95F42800967D0032EF81 /* Assets.xcassets */ = {isa = PBXFileReference; lastKnownFileType = folder.assetcatalog; path = Assets.xcassets; sourceTree = "<group>"; };
		44EA95F72800967D0032EF81 /* Preview Assets.xcassets */ = {isa = PBXFileReference; lastKnownFileType = folder.assetcatalog; path = "Preview Assets.xcassets"; sourceTree = "<group>"; };
		44EA95FD2800967D0032EF81 /* mt-test-1Tests.xctest */ = {isa = PBXFileReference; explicitFileType = wrapper.cfbundle; includeInIndex = 0; path = "mt-test-1Tests.xctest"; sourceTree = BUILT_PRODUCTS_DIR; };
		44EA96012800967D0032EF81 /* mt_test_1Tests.swift */ = {isa = PBXFileReference; lastKnownFileType = sourcecode.swift; path = mt_test_1Tests.swift; sourceTree = "<group>"; };
		44EA96072800967D0032EF81 /* mt-test-1UITests.xctest */ = {isa = PBXFileReference; explicitFileType = wrapper.cfbundle; includeInIndex = 0; path = "mt-test-1UITests.xctest"; sourceTree = BUILT_PRODUCTS_DIR; };
		44EA960B2800967D0032EF81 /* mt_test_1UITests.swift */ = {isa = PBXFileReference; lastKnownFileType = sourcecode.swift; path = mt_test_1UITests.swift; sourceTree = "<group>"; };
		44EA960D2800967D0032EF81 /* mt_test_1UITestsLaunchTests.swift */ = {isa = PBXFileReference; lastKnownFileType = sourcecode.swift; path = mt_test_1UITestsLaunchTests.swift; sourceTree = "<group>"; };
/* End PBXFileReference section */

/* Begin PBXFrameworksBuildPhase section */
		44EA95E82800967A0032EF81 /* Frameworks */ = {
			isa = PBXFrameworksBuildPhase;
			buildActionMask = 2147483647;
			files = (
				44522A08281EAA0B00C7ADD5 /* FocusEntity in Frameworks */,
			);
			runOnlyForDeploymentPostprocessing = 0;
		};
		44EA95FA2800967D0032EF81 /* Frameworks */ = {
			isa = PBXFrameworksBuildPhase;
			buildActionMask = 2147483647;
			files = (
			);
			runOnlyForDeploymentPostprocessing = 0;
		};
		44EA96042800967D0032EF81 /* Frameworks */ = {
			isa = PBXFrameworksBuildPhase;
			buildActionMask = 2147483647;
			files = (
			);
			runOnlyForDeploymentPostprocessing = 0;
		};
/* End PBXFrameworksBuildPhase section */

/* Begin PBXGroup section */
		442E368B282331B300F2F77B /* BG */ = {
			isa = PBXGroup;
			children = (
				442E368C282331F500F2F77B /* MainBGContainer.swift */,
			);
			path = BG;
			sourceTree = "<group>";
		};
		4451194C28831F63001C4822 /* Metals */ = {
			isa = PBXGroup;
			children = (
				44BA122528FEE4A50032D68F /* Utils */,
				44BA12392901641E0032D68F /* Other */,
				44BD609428B263760058413C /* Correction */,
				44BD609328B263670058413C /* Simulation */,
				4486C40628AA62D20040A654 /* README.md */,
			);
			path = Metals;
			sourceTree = "<group>";
		};
		4451194D28831F7F001C4822 /* MPS */ = {
			isa = PBXGroup;
			children = (
				4451194E28831F92001C4822 /* GaussianBlurMPS.swift */,
				44206BD9289008B5007F7463 /* BloomMPS.swift */,
				44AE9A5228EC55F600AA6D9B /* SobelMPS.swift */,
				447323A729042B8A007AF202 /* LaplacianMPS.swift */,
				447323A929046667007AF202 /* CannyMPS.swift */,
			);
			path = MPS;
			sourceTree = "<group>";
		};
		445119542884308B001C4822 /* FG */ = {
			isa = PBXGroup;
			children = (
				44511955288430A2001C4822 /* MainFGContainer.swift */,
			);
			path = FG;
			sourceTree = "<group>";
		};
		44522A09281ECDB100C7ADD5 /* AR */ = {
			isa = PBXGroup;
			children = (
				44D368B7281B0FA700DC0F0E /* MainARView.swift */,
				44E1925A281F264300172230 /* MainARView+CoachingOverlay.swift */,
				44522A0C281ECE5B00C7ADD5 /* MainARViewContainer.swift */,
			);
			path = AR;
			sourceTree = "<group>";
		};
		44522A10281ED04300C7ADD5 /* Components */ = {
			isa = PBXGroup;
			children = (
				44A12E352815B4C800285324 /* HeaderView.swift */,
			);
			path = Components;
			sourceTree = "<group>";
		};
		447522292823E18E00A5598D /* Extensions */ = {
			isa = PBXGroup;
			children = (
				4475222A2823E19F00A5598D /* CGImageExtension.swift */,
				4475323828C794EC00923BC7 /* MTLTexture+writeToSavedPhotosAlbum.swift */,
				44BA12352900B22E0032D68F /* View+onLoad.swift */,
				447323B329172F41007AF202 /* CVPixelBuffer+texture.swift */,
			);
			path = Extensions;
			sourceTree = "<group>";
		};
		44971B252843FA40007C8279 /* Shaders */ = {
			isa = PBXGroup;
			children = (
				4451195228833A76001C4822 /* ObjectMPS.swift */,
				4451194D28831F7F001C4822 /* MPS */,
				4451194C28831F63001C4822 /* Metals */,
			);
			path = Shaders;
			sourceTree = "<group>";
		};
		44BA122528FEE4A50032D68F /* Utils */ = {
			isa = PBXGroup;
			children = (
				44BA122628FEE4B70032D68F /* color.metal */,
				44BA122828FEE4F50032D68F /* color.h */,
				44BA122928FEE5990032D68F /* types.h */,
			);
			path = Utils;
			sourceTree = "<group>";
		};
		44BA122E290002B50032D68F /* Ressources */ = {
			isa = PBXGroup;
			children = (
			);
			path = Ressources;
			sourceTree = "<group>";
		};
		44BA12392901641E0032D68F /* Other */ = {
			isa = PBXGroup;
			children = (
				44BA1237290160E40032D68F /* combineModelAndBackground.metal */,
				44BA123A2901D7280032D68F /* capturedImageColorspaceConverter_kernel.metal */,
				447323AC2916A807007AF202 /* crosshair_kernel.metal */,
				447323B1291715F5007AF202 /* gammaCorrection_kernel.metal */,
				447323B729280AB0007AF202 /* convolution3x3_kernel.metal */,
			);
			path = Other;
			sourceTree = "<group>";
		};
		44BD609328B263670058413C /* Simulation */ = {
			isa = PBXGroup;
			children = (
				44BD609528B3AFE80058413C /* colorVisionDeficiency_kernel.metal */,
				4451194828830354001C4822 /* inverseColor_kernel.metal */,
				4451195728843DC3001C4822 /* floatersTest_kernel.metal */,
				44511959288AAD5E001C4822 /* floatersDots_kernel.metal */,
				4486C40228AA55A80040A654 /* macularDegeneration_kernel.metal */,
				4486C40728AA66260040A654 /* glaucoma_kernel.metal */,
			);
			path = Simulation;
			sourceTree = "<group>";
		};
		44BD609428B263760058413C /* Correction */ = {
			isa = PBXGroup;
			children = (
				44AE9A5428ECA40700AA6D9B /* daltonizationStep0_kernel.metal */,
				4422B08328FADDDD00D5C732 /* daltonizationStep1_kernel.metal */,
				44935FFA28FAEC740027F4AE /* daltonizationStep2_kernel.metal */,
				44935FFC28FAF0670027F4AE /* daltonizationStep25_kernel.metal */,
				44935FFE28FAF16F0027F4AE /* daltonizationStep3_kernel.metal */,
				4493600028FAF17D0027F4AE /* daltonizationStep4_kernel.metal */,
				4493600228FAF1860027F4AE /* daltonizationStep5_kernel.metal */,
				4493600428FAFB0E0027F4AE /* daltonizationStep6_kernel.metal */,
				44BA122328FEE4350032D68F /* hsbc_kernel.metal */,
				44DC88C4290428D000BB8553 /* edgeEnhancement.metal */,
				447323AF29170AB5007AF202 /* depth_kernel.metal */,
				447323B5291867F4007AF202 /* backgroundBlur_kernel.metal */,
			);
			path = Correction;
			sourceTree = "<group>";
		};
		44BD60B728C66C350058413C /* Assets */ = {
			isa = PBXGroup;
			children = (
				4422B08128F3006D00D5C732 /* noise.png */,
				44BA1233290004D70032D68F /* calibrationImage.jpg */,
				44971B2128428974007C8279 /* bowlingpin.rcproject */,
				44E1925D281F58EB00172230 /* mansion.rcproject */,
				44C821E02816FB930017AE57 /* boxgreen.rcproject */,
				44971B232843A275007C8279 /* pipe.rcproject */,
				44A47DFC284E356900D00FFF /* turm.rcproject */,
				44981EA22861D44200D34D10 /* braunbaer.rcproject */,
				44BA121F28FDFEF70032D68F /* newYorkDowntown.rcproject */,
				44BD60B828C66C3A0058413C /* braunbaerVertical.rcproject */,
				44BD609D28C603420058413C /* ninetydegreebracket.rcproject */,
				44BD60A128C603B40058413C /* dcWhiteHouse.rcproject */,
				44BD60AD28C617970058413C /* realisticEuropanTree.rcproject */,
				44BD60AF28C6184F0058413C /* cinemaChair.rcproject */,
				44BD60B128C6194F0058413C /* decorativeLightPole.rcproject */,
				44BD60B328C619BA0058413C /* bathroomInterior.rcproject */,
				44BD60B528C61A000058413C /* scaffold.rcproject */,
				44BA122128FED6FF0032D68F /* loft.rcproject */,
				44BD609928B4F49B0058413C /* wuschel1.usdz */,
				4451194628804291001C4822 /* kokuraCastle.usdz */,
				44981EA02861D15300D34D10 /* braunbaer.usdz */,
				44C821DE2816FB380017AE57 /* boxgreen.usdz */,
			);
			path = Assets;
			sourceTree = "<group>";
		};
		44EA95E22800967A0032EF81 = {
			isa = PBXGroup;
			children = (
				44EA95ED2800967A0032EF81 /* mt-test-1 */,
				44EA96002800967D0032EF81 /* mt-test-1Tests */,
				44EA960A2800967D0032EF81 /* mt-test-1UITests */,
				44EA95EC2800967A0032EF81 /* Products */,
			);
			sourceTree = "<group>";
		};
		44EA95EC2800967A0032EF81 /* Products */ = {
			isa = PBXGroup;
			children = (
				44EA95EB2800967A0032EF81 /* mt-test-1.app */,
				44EA95FD2800967D0032EF81 /* mt-test-1Tests.xctest */,
				44EA96072800967D0032EF81 /* mt-test-1UITests.xctest */,
			);
			name = Products;
			sourceTree = "<group>";
		};
		44EA95ED2800967A0032EF81 /* mt-test-1 */ = {
			isa = PBXGroup;
			children = (
				44F5EA432803514E00399303 /* Models */,
				44971B252843FA40007C8279 /* Shaders */,
				447522292823E18E00A5598D /* Extensions */,
				442E368B282331B300F2F77B /* BG */,
				44522A09281ECDB100C7ADD5 /* AR */,
				445119542884308B001C4822 /* FG */,
				44F5EA422803512F00399303 /* UI */,
				44EA95F02800967A0032EF81 /* ContentView.swift */,
				44EA95EE2800967A0032EF81 /* AppDelegate.swift */,
				442F9E032815AB7800B87229 /* ProjectSettings.swift */,
				44BA122E290002B50032D68F /* Ressources */,
				44BD60B728C66C350058413C /* Assets */,
				44EA95F42800967D0032EF81 /* Assets.xcassets */,
				449145C428156F2C0088946B /* Info.plist */,
				44EA95F62800967D0032EF81 /* Preview Content */,
			);
			path = "mt-test-1";
			sourceTree = "<group>";
		};
		44EA95F62800967D0032EF81 /* Preview Content */ = {
			isa = PBXGroup;
			children = (
				44EA95F72800967D0032EF81 /* Preview Assets.xcassets */,
			);
			path = "Preview Content";
			sourceTree = "<group>";
		};
		44EA96002800967D0032EF81 /* mt-test-1Tests */ = {
			isa = PBXGroup;
			children = (
				44EA96012800967D0032EF81 /* mt_test_1Tests.swift */,
			);
			path = "mt-test-1Tests";
			sourceTree = "<group>";
		};
		44EA960A2800967D0032EF81 /* mt-test-1UITests */ = {
			isa = PBXGroup;
			children = (
				44EA960B2800967D0032EF81 /* mt_test_1UITests.swift */,
				44EA960D2800967D0032EF81 /* mt_test_1UITestsLaunchTests.swift */,
			);
			path = "mt-test-1UITests";
			sourceTree = "<group>";
		};
		44F5EA422803512F00399303 /* UI */ = {
			isa = PBXGroup;
			children = (
				44522A10281ED04300C7ADD5 /* Components */,
				44615A1F281AF02200C9A84A /* MainUIView.swift */,
				447323BD2928176D007AF202 /* EvaluationGameUI.swift */,
			);
			path = UI;
			sourceTree = "<group>";
		};
		44F5EA432803514E00399303 /* Models */ = {
			isa = PBXGroup;
			children = (
				44C821D82816BABA0017AE57 /* AccessibleModel.swift */,
				4475222C2823E49800A5598D /* FrameModel.swift */,
			);
			path = Models;
			sourceTree = "<group>";
		};
/* End PBXGroup section */

/* Begin PBXNativeTarget section */
		44EA95EA2800967A0032EF81 /* mt-test-1 */ = {
			isa = PBXNativeTarget;
			buildConfigurationList = 44EA96112800967D0032EF81 /* Build configuration list for PBXNativeTarget "mt-test-1" */;
			buildPhases = (
				44EA95E72800967A0032EF81 /* Sources */,
				44EA95E82800967A0032EF81 /* Frameworks */,
				44EA95E92800967A0032EF81 /* Resources */,
			);
			buildRules = (
			);
			dependencies = (
			);
			name = "mt-test-1";
			packageProductDependencies = (
				44522A07281EAA0B00C7ADD5 /* FocusEntity */,
			);
			productName = "mt-test-1";
			productReference = 44EA95EB2800967A0032EF81 /* mt-test-1.app */;
			productType = "com.apple.product-type.application";
		};
		44EA95FC2800967D0032EF81 /* mt-test-1Tests */ = {
			isa = PBXNativeTarget;
			buildConfigurationList = 44EA96142800967D0032EF81 /* Build configuration list for PBXNativeTarget "mt-test-1Tests" */;
			buildPhases = (
				44EA95F92800967D0032EF81 /* Sources */,
				44EA95FA2800967D0032EF81 /* Frameworks */,
				44EA95FB2800967D0032EF81 /* Resources */,
			);
			buildRules = (
			);
			dependencies = (
				44EA95FF2800967D0032EF81 /* PBXTargetDependency */,
			);
			name = "mt-test-1Tests";
			productName = "mt-test-1Tests";
			productReference = 44EA95FD2800967D0032EF81 /* mt-test-1Tests.xctest */;
			productType = "com.apple.product-type.bundle.unit-test";
		};
		44EA96062800967D0032EF81 /* mt-test-1UITests */ = {
			isa = PBXNativeTarget;
			buildConfigurationList = 44EA96172800967D0032EF81 /* Build configuration list for PBXNativeTarget "mt-test-1UITests" */;
			buildPhases = (
				44EA96032800967D0032EF81 /* Sources */,
				44EA96042800967D0032EF81 /* Frameworks */,
				44EA96052800967D0032EF81 /* Resources */,
			);
			buildRules = (
			);
			dependencies = (
				44EA96092800967D0032EF81 /* PBXTargetDependency */,
			);
			name = "mt-test-1UITests";
			productName = "mt-test-1UITests";
			productReference = 44EA96072800967D0032EF81 /* mt-test-1UITests.xctest */;
			productType = "com.apple.product-type.bundle.ui-testing";
		};
/* End PBXNativeTarget section */

/* Begin PBXProject section */
		44EA95E32800967A0032EF81 /* Project object */ = {
			isa = PBXProject;
			attributes = {
				BuildIndependentTargetsInParallel = 1;
				LastSwiftUpdateCheck = 1330;
				LastUpgradeCheck = 1330;
				TargetAttributes = {
					44EA95EA2800967A0032EF81 = {
						CreatedOnToolsVersion = 13.3;
					};
					44EA95FC2800967D0032EF81 = {
						CreatedOnToolsVersion = 13.3;
						TestTargetID = 44EA95EA2800967A0032EF81;
					};
					44EA96062800967D0032EF81 = {
						CreatedOnToolsVersion = 13.3;
						TestTargetID = 44EA95EA2800967A0032EF81;
					};
				};
			};
			buildConfigurationList = 44EA95E62800967A0032EF81 /* Build configuration list for PBXProject "mt-test-1" */;
			compatibilityVersion = "Xcode 13.0";
			developmentRegion = en;
			hasScannedForEncodings = 0;
			knownRegions = (
				en,
				Base,
			);
			mainGroup = 44EA95E22800967A0032EF81;
			packageReferences = (
				44522A06281EAA0B00C7ADD5 /* XCRemoteSwiftPackageReference "FocusEntity" */,
			);
			productRefGroup = 44EA95EC2800967A0032EF81 /* Products */;
			projectDirPath = "";
			projectRoot = "";
			targets = (
				44EA95EA2800967A0032EF81 /* mt-test-1 */,
				44EA95FC2800967D0032EF81 /* mt-test-1Tests */,
				44EA96062800967D0032EF81 /* mt-test-1UITests */,
			);
		};
/* End PBXProject section */

/* Begin PBXResourcesBuildPhase section */
		44EA95E92800967A0032EF81 /* Resources */ = {
			isa = PBXResourcesBuildPhase;
			buildActionMask = 2147483647;
			files = (
				4451194728804291001C4822 /* kokuraCastle.usdz in Resources */,
				44981EA12861D15300D34D10 /* braunbaer.usdz in Resources */,
				44EA95F82800967D0032EF81 /* Preview Assets.xcassets in Resources */,
				44C821DF2816FB380017AE57 /* boxgreen.usdz in Resources */,
				44EA95F52800967D0032EF81 /* Assets.xcassets in Resources */,
				4422B08228F3006D00D5C732 /* noise.png in Resources */,
				44BA1234290004D70032D68F /* calibrationImage.jpg in Resources */,
				44BD609A28B4F49B0058413C /* wuschel1.usdz in Resources */,
			);
			runOnlyForDeploymentPostprocessing = 0;
		};
		44EA95FB2800967D0032EF81 /* Resources */ = {
			isa = PBXResourcesBuildPhase;
			buildActionMask = 2147483647;
			files = (
			);
			runOnlyForDeploymentPostprocessing = 0;
		};
		44EA96052800967D0032EF81 /* Resources */ = {
			isa = PBXResourcesBuildPhase;
			buildActionMask = 2147483647;
			files = (
			);
			runOnlyForDeploymentPostprocessing = 0;
		};
/* End PBXResourcesBuildPhase section */

/* Begin PBXSourcesBuildPhase section */
		44EA95E72800967A0032EF81 /* Sources */ = {
			isa = PBXSourcesBuildPhase;
			buildActionMask = 2147483647;
			files = (
				44BA1238290160E40032D68F /* combineModelAndBackground.metal in Sources */,
				44522A0D281ECE5B00C7ADD5 /* MainARViewContainer.swift in Sources */,
				44DC88C5290428D000BB8553 /* edgeEnhancement.metal in Sources */,
				447323B029170AB5007AF202 /* depth_kernel.metal in Sources */,
				44BA12362900B22E0032D68F /* View+onLoad.swift in Sources */,
				4451195828843DC3001C4822 /* floatersTest_kernel.metal in Sources */,
				44BD60AE28C617970058413C /* realisticEuropanTree.rcproject in Sources */,
				4451195A288AAD5E001C4822 /* floatersDots_kernel.metal in Sources */,
				44EA95F12800967A0032EF81 /* ContentView.swift in Sources */,
				4451194F28831F92001C4822 /* GaussianBlurMPS.swift in Sources */,
				44BD609628B3AFE80058413C /* colorVisionDeficiency_kernel.metal in Sources */,
				44511956288430A2001C4822 /* MainFGContainer.swift in Sources */,
				44BA122728FEE4B70032D68F /* color.metal in Sources */,
				447323BE2928176D007AF202 /* EvaluationGameUI.swift in Sources */,
				447323B429172F41007AF202 /* CVPixelBuffer+texture.swift in Sources */,
				447323B6291867F4007AF202 /* backgroundBlur_kernel.metal in Sources */,
				44AE9A5528ECA40700AA6D9B /* daltonizationStep0_kernel.metal in Sources */,
				44EA95EF2800967A0032EF81 /* AppDelegate.swift in Sources */,
				44935FFB28FAEC740027F4AE /* daltonizationStep2_kernel.metal in Sources */,
				44935FFD28FAF0670027F4AE /* daltonizationStep25_kernel.metal in Sources */,
				4493600128FAF17D0027F4AE /* daltonizationStep4_kernel.metal in Sources */,
				4475222D2823E49800A5598D /* FrameModel.swift in Sources */,
				4493600328FAF1860027F4AE /* daltonizationStep5_kernel.metal in Sources */,
				447323B2291715F5007AF202 /* gammaCorrection_kernel.metal in Sources */,
				4475323928C794EC00923BC7 /* MTLTexture+writeToSavedPhotosAlbum.swift in Sources */,
				4422B08428FADDDD00D5C732 /* daltonizationStep1_kernel.metal in Sources */,
				447323AD2916A807007AF202 /* crosshair_kernel.metal in Sources */,
				44BA122428FEE4350032D68F /* hsbc_kernel.metal in Sources */,
				44BD60B028C6184F0058413C /* cinemaChair.rcproject in Sources */,
				447323AA29046667007AF202 /* CannyMPS.swift in Sources */,
				44BA122028FDFEF70032D68F /* newYorkDowntown.rcproject in Sources */,
				442F9E042815AB7800B87229 /* ProjectSettings.swift in Sources */,
				4475222B2823E19F00A5598D /* CGImageExtension.swift in Sources */,
				44AE9A5328EC55F600AA6D9B /* SobelMPS.swift in Sources */,
				44615A20281AF02200C9A84A /* MainUIView.swift in Sources */,
				44BD60B628C61A000058413C /* scaffold.rcproject in Sources */,
				44A47DFD284E356900D00FFF /* turm.rcproject in Sources */,
				44E1925B281F264300172230 /* MainARView+CoachingOverlay.swift in Sources */,
				44BA122228FED6FF0032D68F /* loft.rcproject in Sources */,
				447323A829042B8A007AF202 /* LaplacianMPS.swift in Sources */,
				4486C40828AA66260040A654 /* glaucoma_kernel.metal in Sources */,
				44BD60B428C619BA0058413C /* bathroomInterior.rcproject in Sources */,
				44981EA32861D44200D34D10 /* braunbaer.rcproject in Sources */,
				447323B829280AB0007AF202 /* convolution3x3_kernel.metal in Sources */,
				44935FFF28FAF16F0027F4AE /* daltonizationStep3_kernel.metal in Sources */,
				44BD609E28C603420058413C /* ninetydegreebracket.rcproject in Sources */,
				4451194928830354001C4822 /* inverseColor_kernel.metal in Sources */,
				44D368B8281B0FA700DC0F0E /* MainARView.swift in Sources */,
				44C821E12816FB930017AE57 /* boxgreen.rcproject in Sources */,
				44E1925E281F58EB00172230 /* mansion.rcproject in Sources */,
				442E368D282331F500F2F77B /* MainBGContainer.swift in Sources */,
				44A12E362815B4C800285324 /* HeaderView.swift in Sources */,
				4493600528FAFB0E0027F4AE /* daltonizationStep6_kernel.metal in Sources */,
				44C821D92816BABA0017AE57 /* AccessibleModel.swift in Sources */,
				44206BDA289008B5007F7463 /* BloomMPS.swift in Sources */,
				44971B242843A275007C8279 /* pipe.rcproject in Sources */,
				4486C40328AA55A80040A654 /* macularDegeneration_kernel.metal in Sources */,
				4451195328833A76001C4822 /* ObjectMPS.swift in Sources */,
				44BA123B2901D7280032D68F /* capturedImageColorspaceConverter_kernel.metal in Sources */,
				44BD60B228C6194F0058413C /* decorativeLightPole.rcproject in Sources */,
				44BD60A228C603B40058413C /* dcWhiteHouse.rcproject in Sources */,
				44971B2228428974007C8279 /* bowlingpin.rcproject in Sources */,
			);
			runOnlyForDeploymentPostprocessing = 0;
		};
		44EA95F92800967D0032EF81 /* Sources */ = {
			isa = PBXSourcesBuildPhase;
			buildActionMask = 2147483647;
			files = (
				44EA96022800967D0032EF81 /* mt_test_1Tests.swift in Sources */,
			);
			runOnlyForDeploymentPostprocessing = 0;
		};
		44EA96032800967D0032EF81 /* Sources */ = {
			isa = PBXSourcesBuildPhase;
			buildActionMask = 2147483647;
			files = (
				44EA960C2800967D0032EF81 /* mt_test_1UITests.swift in Sources */,
				44EA960E2800967D0032EF81 /* mt_test_1UITestsLaunchTests.swift in Sources */,
			);
			runOnlyForDeploymentPostprocessing = 0;
		};
/* End PBXSourcesBuildPhase section */

/* Begin PBXTargetDependency section */
		44EA95FF2800967D0032EF81 /* PBXTargetDependency */ = {
			isa = PBXTargetDependency;
			target = 44EA95EA2800967A0032EF81 /* mt-test-1 */;
			targetProxy = 44EA95FE2800967D0032EF81 /* PBXContainerItemProxy */;
		};
		44EA96092800967D0032EF81 /* PBXTargetDependency */ = {
			isa = PBXTargetDependency;
			target = 44EA95EA2800967A0032EF81 /* mt-test-1 */;
			targetProxy = 44EA96082800967D0032EF81 /* PBXContainerItemProxy */;
		};
/* End PBXTargetDependency section */

/* Begin XCBuildConfiguration section */
		44EA960F2800967D0032EF81 /* Debug */ = {
			isa = XCBuildConfiguration;
			buildSettings = {
				ALWAYS_SEARCH_USER_PATHS = NO;
				CLANG_ANALYZER_NONNULL = YES;
				CLANG_ANALYZER_NUMBER_OBJECT_CONVERSION = YES_AGGRESSIVE;
				CLANG_CXX_LANGUAGE_STANDARD = "gnu++17";
				CLANG_ENABLE_MODULES = YES;
				CLANG_ENABLE_OBJC_ARC = YES;
				CLANG_ENABLE_OBJC_WEAK = YES;
				CLANG_WARN_BLOCK_CAPTURE_AUTORELEASING = YES;
				CLANG_WARN_BOOL_CONVERSION = YES;
				CLANG_WARN_COMMA = YES;
				CLANG_WARN_CONSTANT_CONVERSION = YES;
				CLANG_WARN_DEPRECATED_OBJC_IMPLEMENTATIONS = YES;
				CLANG_WARN_DIRECT_OBJC_ISA_USAGE = YES_ERROR;
				CLANG_WARN_DOCUMENTATION_COMMENTS = YES;
				CLANG_WARN_EMPTY_BODY = YES;
				CLANG_WARN_ENUM_CONVERSION = YES;
				CLANG_WARN_INFINITE_RECURSION = YES;
				CLANG_WARN_INT_CONVERSION = YES;
				CLANG_WARN_NON_LITERAL_NULL_CONVERSION = YES;
				CLANG_WARN_OBJC_IMPLICIT_RETAIN_SELF = YES;
				CLANG_WARN_OBJC_LITERAL_CONVERSION = YES;
				CLANG_WARN_OBJC_ROOT_CLASS = YES_ERROR;
				CLANG_WARN_QUOTED_INCLUDE_IN_FRAMEWORK_HEADER = YES;
				CLANG_WARN_RANGE_LOOP_ANALYSIS = YES;
				CLANG_WARN_STRICT_PROTOTYPES = YES;
				CLANG_WARN_SUSPICIOUS_MOVE = YES;
				CLANG_WARN_UNGUARDED_AVAILABILITY = YES_AGGRESSIVE;
				CLANG_WARN_UNREACHABLE_CODE = YES;
				CLANG_WARN__DUPLICATE_METHOD_MATCH = YES;
				COPY_PHASE_STRIP = NO;
				DEBUG_INFORMATION_FORMAT = dwarf;
				ENABLE_STRICT_OBJC_MSGSEND = YES;
				ENABLE_TESTABILITY = YES;
				GCC_C_LANGUAGE_STANDARD = gnu11;
				GCC_DYNAMIC_NO_PIC = NO;
				GCC_NO_COMMON_BLOCKS = YES;
				GCC_OPTIMIZATION_LEVEL = 0;
				GCC_PREPROCESSOR_DEFINITIONS = (
					"DEBUG=1",
					"$(inherited)",
				);
				GCC_WARN_64_TO_32_BIT_CONVERSION = YES;
				GCC_WARN_ABOUT_RETURN_TYPE = YES_ERROR;
				GCC_WARN_UNDECLARED_SELECTOR = YES;
				GCC_WARN_UNINITIALIZED_AUTOS = YES_AGGRESSIVE;
				GCC_WARN_UNUSED_FUNCTION = YES;
				GCC_WARN_UNUSED_VARIABLE = YES;
				IPHONEOS_DEPLOYMENT_TARGET = 15.4;
				MTL_ENABLE_DEBUG_INFO = INCLUDE_SOURCE;
				MTL_FAST_MATH = YES;
				ONLY_ACTIVE_ARCH = YES;
				SDKROOT = iphoneos;
				SWIFT_ACTIVE_COMPILATION_CONDITIONS = DEBUG;
				SWIFT_OPTIMIZATION_LEVEL = "-Onone";
			};
			name = Debug;
		};
		44EA96102800967D0032EF81 /* Release */ = {
			isa = XCBuildConfiguration;
			buildSettings = {
				ALWAYS_SEARCH_USER_PATHS = NO;
				CLANG_ANALYZER_NONNULL = YES;
				CLANG_ANALYZER_NUMBER_OBJECT_CONVERSION = YES_AGGRESSIVE;
				CLANG_CXX_LANGUAGE_STANDARD = "gnu++17";
				CLANG_ENABLE_MODULES = YES;
				CLANG_ENABLE_OBJC_ARC = YES;
				CLANG_ENABLE_OBJC_WEAK = YES;
				CLANG_WARN_BLOCK_CAPTURE_AUTORELEASING = YES;
				CLANG_WARN_BOOL_CONVERSION = YES;
				CLANG_WARN_COMMA = YES;
				CLANG_WARN_CONSTANT_CONVERSION = YES;
				CLANG_WARN_DEPRECATED_OBJC_IMPLEMENTATIONS = YES;
				CLANG_WARN_DIRECT_OBJC_ISA_USAGE = YES_ERROR;
				CLANG_WARN_DOCUMENTATION_COMMENTS = YES;
				CLANG_WARN_EMPTY_BODY = YES;
				CLANG_WARN_ENUM_CONVERSION = YES;
				CLANG_WARN_INFINITE_RECURSION = YES;
				CLANG_WARN_INT_CONVERSION = YES;
				CLANG_WARN_NON_LITERAL_NULL_CONVERSION = YES;
				CLANG_WARN_OBJC_IMPLICIT_RETAIN_SELF = YES;
				CLANG_WARN_OBJC_LITERAL_CONVERSION = YES;
				CLANG_WARN_OBJC_ROOT_CLASS = YES_ERROR;
				CLANG_WARN_QUOTED_INCLUDE_IN_FRAMEWORK_HEADER = YES;
				CLANG_WARN_RANGE_LOOP_ANALYSIS = YES;
				CLANG_WARN_STRICT_PROTOTYPES = YES;
				CLANG_WARN_SUSPICIOUS_MOVE = YES;
				CLANG_WARN_UNGUARDED_AVAILABILITY = YES_AGGRESSIVE;
				CLANG_WARN_UNREACHABLE_CODE = YES;
				CLANG_WARN__DUPLICATE_METHOD_MATCH = YES;
				COPY_PHASE_STRIP = NO;
				DEBUG_INFORMATION_FORMAT = "dwarf-with-dsym";
				ENABLE_NS_ASSERTIONS = NO;
				ENABLE_STRICT_OBJC_MSGSEND = YES;
				GCC_C_LANGUAGE_STANDARD = gnu11;
				GCC_NO_COMMON_BLOCKS = YES;
				GCC_WARN_64_TO_32_BIT_CONVERSION = YES;
				GCC_WARN_ABOUT_RETURN_TYPE = YES_ERROR;
				GCC_WARN_UNDECLARED_SELECTOR = YES;
				GCC_WARN_UNINITIALIZED_AUTOS = YES_AGGRESSIVE;
				GCC_WARN_UNUSED_FUNCTION = YES;
				GCC_WARN_UNUSED_VARIABLE = YES;
				IPHONEOS_DEPLOYMENT_TARGET = 15.4;
				MTL_ENABLE_DEBUG_INFO = NO;
				MTL_FAST_MATH = YES;
				SDKROOT = iphoneos;
				SWIFT_COMPILATION_MODE = wholemodule;
				SWIFT_OPTIMIZATION_LEVEL = "-O";
				VALIDATE_PRODUCT = YES;
			};
			name = Release;
		};
		44EA96122800967D0032EF81 /* Debug */ = {
			isa = XCBuildConfiguration;
			buildSettings = {
				ASSETCATALOG_COMPILER_APPICON_NAME = AppIcon;
				ASSETCATALOG_COMPILER_GLOBAL_ACCENT_COLOR_NAME = AccentColor;
				CODE_SIGN_STYLE = Automatic;
				CURRENT_PROJECT_VERSION = 1;
				DEVELOPMENT_ASSET_PATHS = "\"mt-test-1/Preview Content\"";
				DEVELOPMENT_TEAM = GG8XX5Q4P5;
				ENABLE_PREVIEWS = YES;
				GENERATE_INFOPLIST_FILE = YES;
				INFOPLIST_FILE = "mt-test-1/Info.plist";
				INFOPLIST_KEY_NSCameraUsageDescription = "Augmented Reality";
				INFOPLIST_KEY_UIApplicationSupportsIndirectInputEvents = YES;
				INFOPLIST_KEY_UILaunchScreen_Generation = YES;
				INFOPLIST_KEY_UIRequiredDeviceCapabilities = arkit;
				INFOPLIST_KEY_UIStatusBarHidden = YES;
				INFOPLIST_KEY_UISupportedInterfaceOrientations_iPad = "UIInterfaceOrientationPortrait UIInterfaceOrientationPortraitUpsideDown UIInterfaceOrientationLandscapeLeft UIInterfaceOrientationLandscapeRight";
				INFOPLIST_KEY_UISupportedInterfaceOrientations_iPhone = "UIInterfaceOrientationPortrait UIInterfaceOrientationLandscapeLeft UIInterfaceOrientationLandscapeRight";
				IPHONEOS_DEPLOYMENT_TARGET = 15.7;
				LD_RUNPATH_SEARCH_PATHS = (
					"$(inherited)",
					"@executable_path/Frameworks",
				);
				MARKETING_VERSION = 1.0;
				PRODUCT_BUNDLE_IDENTIFIER = "de.kevinbein.tum.mt-test-1";
				PRODUCT_NAME = "$(TARGET_NAME)";
				SWIFT_EMIT_LOC_STRINGS = YES;
				SWIFT_VERSION = 5.0;
				TARGETED_DEVICE_FAMILY = "1,2";
			};
			name = Debug;
		};
		44EA96132800967D0032EF81 /* Release */ = {
			isa = XCBuildConfiguration;
			buildSettings = {
				ASSETCATALOG_COMPILER_APPICON_NAME = AppIcon;
				ASSETCATALOG_COMPILER_GLOBAL_ACCENT_COLOR_NAME = AccentColor;
				CODE_SIGN_STYLE = Automatic;
				CURRENT_PROJECT_VERSION = 1;
				DEVELOPMENT_ASSET_PATHS = "\"mt-test-1/Preview Content\"";
				DEVELOPMENT_TEAM = GG8XX5Q4P5;
				ENABLE_PREVIEWS = YES;
				GENERATE_INFOPLIST_FILE = YES;
				INFOPLIST_FILE = "mt-test-1/Info.plist";
				INFOPLIST_KEY_NSCameraUsageDescription = "Augmented Reality";
				INFOPLIST_KEY_UIApplicationSupportsIndirectInputEvents = YES;
				INFOPLIST_KEY_UILaunchScreen_Generation = YES;
				INFOPLIST_KEY_UIRequiredDeviceCapabilities = arkit;
				INFOPLIST_KEY_UIStatusBarHidden = YES;
				INFOPLIST_KEY_UISupportedInterfaceOrientations_iPad = "UIInterfaceOrientationPortrait UIInterfaceOrientationPortraitUpsideDown UIInterfaceOrientationLandscapeLeft UIInterfaceOrientationLandscapeRight";
				INFOPLIST_KEY_UISupportedInterfaceOrientations_iPhone = "UIInterfaceOrientationPortrait UIInterfaceOrientationLandscapeLeft UIInterfaceOrientationLandscapeRight";
				IPHONEOS_DEPLOYMENT_TARGET = 15.7;
				LD_RUNPATH_SEARCH_PATHS = (
					"$(inherited)",
					"@executable_path/Frameworks",
				);
				MARKETING_VERSION = 1.0;
				PRODUCT_BUNDLE_IDENTIFIER = "de.kevinbein.tum.mt-test-1";
				PRODUCT_NAME = "$(TARGET_NAME)";
				SWIFT_EMIT_LOC_STRINGS = YES;
				SWIFT_VERSION = 5.0;
				TARGETED_DEVICE_FAMILY = "1,2";
			};
			name = Release;
		};
		44EA96152800967D0032EF81 /* Debug */ = {
			isa = XCBuildConfiguration;
			buildSettings = {
				ALWAYS_EMBED_SWIFT_STANDARD_LIBRARIES = YES;
				BUNDLE_LOADER = "$(TEST_HOST)";
				CODE_SIGN_STYLE = Automatic;
				CURRENT_PROJECT_VERSION = 1;
				DEVELOPMENT_TEAM = GG8XX5Q4P5;
				GENERATE_INFOPLIST_FILE = YES;
				IPHONEOS_DEPLOYMENT_TARGET = 15.4;
				MARKETING_VERSION = 1.0;
				PRODUCT_BUNDLE_IDENTIFIER = "de.kevinbein.tum.mt-test-1Tests";
				PRODUCT_NAME = "$(TARGET_NAME)";
				SWIFT_EMIT_LOC_STRINGS = NO;
				SWIFT_VERSION = 5.0;
				TARGETED_DEVICE_FAMILY = "1,2";
				TEST_HOST = "$(BUILT_PRODUCTS_DIR)/mt-test-1.app/mt-test-1";
			};
			name = Debug;
		};
		44EA96162800967D0032EF81 /* Release */ = {
			isa = XCBuildConfiguration;
			buildSettings = {
				ALWAYS_EMBED_SWIFT_STANDARD_LIBRARIES = YES;
				BUNDLE_LOADER = "$(TEST_HOST)";
				CODE_SIGN_STYLE = Automatic;
				CURRENT_PROJECT_VERSION = 1;
				DEVELOPMENT_TEAM = GG8XX5Q4P5;
				GENERATE_INFOPLIST_FILE = YES;
				IPHONEOS_DEPLOYMENT_TARGET = 15.4;
				MARKETING_VERSION = 1.0;
				PRODUCT_BUNDLE_IDENTIFIER = "de.kevinbein.tum.mt-test-1Tests";
				PRODUCT_NAME = "$(TARGET_NAME)";
				SWIFT_EMIT_LOC_STRINGS = NO;
				SWIFT_VERSION = 5.0;
				TARGETED_DEVICE_FAMILY = "1,2";
				TEST_HOST = "$(BUILT_PRODUCTS_DIR)/mt-test-1.app/mt-test-1";
			};
			name = Release;
		};
		44EA96182800967D0032EF81 /* Debug */ = {
			isa = XCBuildConfiguration;
			buildSettings = {
				ALWAYS_EMBED_SWIFT_STANDARD_LIBRARIES = YES;
				CODE_SIGN_STYLE = Automatic;
				CURRENT_PROJECT_VERSION = 1;
				DEVELOPMENT_TEAM = GG8XX5Q4P5;
				GENERATE_INFOPLIST_FILE = YES;
				MARKETING_VERSION = 1.0;
				PRODUCT_BUNDLE_IDENTIFIER = "de.kevinbein.tum.mt-test-1UITests";
				PRODUCT_NAME = "$(TARGET_NAME)";
				SWIFT_EMIT_LOC_STRINGS = NO;
				SWIFT_VERSION = 5.0;
				TARGETED_DEVICE_FAMILY = "1,2";
				TEST_TARGET_NAME = "mt-test-1";
			};
			name = Debug;
		};
		44EA96192800967D0032EF81 /* Release */ = {
			isa = XCBuildConfiguration;
			buildSettings = {
				ALWAYS_EMBED_SWIFT_STANDARD_LIBRARIES = YES;
				CODE_SIGN_STYLE = Automatic;
				CURRENT_PROJECT_VERSION = 1;
				DEVELOPMENT_TEAM = GG8XX5Q4P5;
				GENERATE_INFOPLIST_FILE = YES;
				MARKETING_VERSION = 1.0;
				PRODUCT_BUNDLE_IDENTIFIER = "de.kevinbein.tum.mt-test-1UITests";
				PRODUCT_NAME = "$(TARGET_NAME)";
				SWIFT_EMIT_LOC_STRINGS = NO;
				SWIFT_VERSION = 5.0;
				TARGETED_DEVICE_FAMILY = "1,2";
				TEST_TARGET_NAME = "mt-test-1";
			};
			name = Release;
		};
/* End XCBuildConfiguration section */

/* Begin XCConfigurationList section */
		44EA95E62800967A0032EF81 /* Build configuration list for PBXProject "mt-test-1" */ = {
			isa = XCConfigurationList;
			buildConfigurations = (
				44EA960F2800967D0032EF81 /* Debug */,
				44EA96102800967D0032EF81 /* Release */,
			);
			defaultConfigurationIsVisible = 0;
			defaultConfigurationName = Release;
		};
		44EA96112800967D0032EF81 /* Build configuration list for PBXNativeTarget "mt-test-1" */ = {
			isa = XCConfigurationList;
			buildConfigurations = (
				44EA96122800967D0032EF81 /* Debug */,
				44EA96132800967D0032EF81 /* Release */,
			);
			defaultConfigurationIsVisible = 0;
			defaultConfigurationName = Release;
		};
		44EA96142800967D0032EF81 /* Build configuration list for PBXNativeTarget "mt-test-1Tests" */ = {
			isa = XCConfigurationList;
			buildConfigurations = (
				44EA96152800967D0032EF81 /* Debug */,
				44EA96162800967D0032EF81 /* Release */,
			);
			defaultConfigurationIsVisible = 0;
			defaultConfigurationName = Release;
		};
		44EA96172800967D0032EF81 /* Build configuration list for PBXNativeTarget "mt-test-1UITests" */ = {
			isa = XCConfigurationList;
			buildConfigurations = (
				44EA96182800967D0032EF81 /* Debug */,
				44EA96192800967D0032EF81 /* Release */,
			);
			defaultConfigurationIsVisible = 0;
			defaultConfigurationName = Release;
		};
/* End XCConfigurationList section */

/* Begin XCRemoteSwiftPackageReference section */
		44522A06281EAA0B00C7ADD5 /* XCRemoteSwiftPackageReference "FocusEntity" */ = {
			isa = XCRemoteSwiftPackageReference;
			repositoryURL = "https://github.com/maxxfrazer/FocusEntity";
			requirement = {
				kind = upToNextMajorVersion;
				minimumVersion = 2.0.0;
			};
		};
/* End XCRemoteSwiftPackageReference section */

/* Begin XCSwiftPackageProductDependency section */
		44522A07281EAA0B00C7ADD5 /* FocusEntity */ = {
			isa = XCSwiftPackageProductDependency;
			package = 44522A06281EAA0B00C7ADD5 /* XCRemoteSwiftPackageReference "FocusEntity" */;
			productName = FocusEntity;
		};
/* End XCSwiftPackageProductDependency section */
	};
	rootObject = 44EA95E32800967A0032EF81 /* Project object */;
}
