{
  "pins" : [
    {
      "identity" : "arvideokit",
      "kind" : "remoteSourceControl",
      "location" : "https://github.com/AFathi/ARVideoKit",
      "state" : {
        "branch" : "swift_5",
        "revision" : "b923fac2f90621c8156978ec8f3aceecb12bfbeb"
      }
    },
    {
      "identity" : "focusentity",
      "kind" : "remoteSourceControl",
      "location" : "https://github.com/maxxfrazer/FocusEntity",
      "state" : {
        "revision" : "d17dbbddd92d9b1661a42868fc51b86a3ad2fcb0",
        "version" : "2.2.5"
      }
    }
  ],
  "version" : 2
}
